// !$*UTF8*$!
{
	archiveVersion = 1;
	classes = {
	};
	objectVersion = 50;
	objects = {

/* Begin PBXBuildFile section */
		0C3F4F4B931EF0CAC43E068339EDA574 /* VVModelMapper.m in Sources */ = {isa = PBXBuildFile; fileRef = 59A172E33E34085661204AD1E19DF8CE /* VVModelMapper.m */; };
		161B159F4FE6D2C78311E47675E36D92 /* VVClazzSerialize.m in Sources */ = {isa = PBXBuildFile; fileRef = E94F317CA8D82C9474BC5F152DF06698 /* VVClazzSerialize.m */; };
		193D39A68D5504B9CC380610 /* libPods-VVORM.a in Frameworks */ = {isa = PBXBuildFile; fileRef = 484D6DDA78BCEF8DF872B240 /* libPods-VVORM.a */; };
		19965B25577AFB3703AB564C9133D1F5 /* VVPropertyEncoding.m in Sources */ = {isa = PBXBuildFile; fileRef = 2158B4E18036EEE35409799ACD1E0D47 /* VVPropertyEncoding.m */; };
		19E69C4CA10BC9AECD5417C8C485D99A /* VVClazzNSString.m in Sources */ = {isa = PBXBuildFile; fileRef = E33F75911D1885607DBCD09E0D1ABDB7 /* VVClazzNSString.m */; };
		1BC653BA033BC1B90F11F026DDD1D1CA /* VVQueryBuilder.m in Sources */ = {isa = PBXBuildFile; fileRef = 6DE5C17B79165914BEBB06B74EDD751F /* VVQueryBuilder.m */; };
		1D274A312E0FC8BFA7666A3F71D98526 /* VVORMRelationship.m in Sources */ = {isa = PBXBuildFile; fileRef = 6EE4D4A022DEEBBCF48553D75D0BFC06 /* VVORMRelationship.m */; };
		1F18889AE80E50B00F98E2CF0A7D8BDE /* AppContent.m in Sources */ = {isa = PBXBuildFile; fileRef = A3EA685B7823C66A93E178C35D110BEC /* AppContent.m */; };
		1F4B4E32DA2E3AFF8B9C182E2324FAFE /* VVClazzUnsignedChar.m in Sources */ = {isa = PBXBuildFile; fileRef = F81C2AC8F9DF3FE4C48CA7A20AE5CF45 /* VVClazzUnsignedChar.m */; };
		209F73D0ECFE6C064B5B8575717B43EE /* VVObserver.m in Sources */ = {isa = PBXBuildFile; fileRef = 26332DA0D92C6C11CD019F5909170A68 /* VVObserver.m */; };
		2503397848CA8E5D61996C1BC44C1642 /* VVClazzFloat.m in Sources */ = {isa = PBXBuildFile; fileRef = E33EDE085C022874020D3E8101106144 /* VVClazzFloat.m */; };
		259DE4522BC59A9ED54A554E3F96D237 /* VVSQLiteColumnModel.m in Sources */ = {isa = PBXBuildFile; fileRef = FBD35ECA0CA56E0AE8916ADDDC3CABAF /* VVSQLiteColumnModel.m */; };
		33E948311833DD95CD67C588FA0BBF11 /* VVORMManager.m in Sources */ = {isa = PBXBuildFile; fileRef = 959E8DB1829DF16D9A6A174FE11468B2 /* VVORMManager.m */; };
		34958DC58BDCA2DADA265E77B212EEC9 /* NSObject+VVObserver.m in Sources */ = {isa = PBXBuildFile; fileRef = 4A8B931ED153214C6A89AE48A06443DC /* NSObject+VVObserver.m */; };
		3776A399E0FB01AB13BEED706EC58E9D /* VVClazzUnsignedLong.m in Sources */ = {isa = PBXBuildFile; fileRef = D74B06436E24529FFD7E32690820DE55 /* VVClazzUnsignedLong.m */; };
		3B03CCFB928F4DA2E1DA6D5EBB51C2AD /* VVMigrationRuntimeProperty.m in Sources */ = {isa = PBXBuildFile; fileRef = A1175FBC4B771C8CA261FC43969BF64F /* VVMigrationRuntimeProperty.m */; };
		3B88CF2BD3B18DF7DBB9F8D235EEBC9F /* VVClazzInt.m in Sources */ = {isa = PBXBuildFile; fileRef = 5E8648C3B96FCC8E6AECCC7739577370 /* VVClazzInt.m */; };
		3DB15E38E19DF648CDF4CBD0C7F10371 /* VVClazzLongLong.m in Sources */ = {isa = PBXBuildFile; fileRef = 6DC78D2BE3803542919735BFC255128A /* VVClazzLongLong.m */; };
		3DFFA35D493510A57342AEF110E6DB6A /* VVClazzNSNull.m in Sources */ = {isa = PBXBuildFile; fileRef = 58452E4CD824CE81A660E5B76B4E0D74 /* VVClazzNSNull.m */; };
		3E8CD03112F8D5ADF1A4CD8391C858C4 /* AppDelegate.m in Sources */ = {isa = PBXBuildFile; fileRef = F98CF2D76778DA50805B2D3FD7DCB717 /* AppDelegate.m */; };
		3F14185DEB7FC4A4690D117647B8500A /* VVClazzNSValue.m in Sources */ = {isa = PBXBuildFile; fileRef = 7FD5F22F70D1932E4732467D2493AF44 /* VVClazzNSValue.m */; };
		42BFEE6EA0A2FA2E51D4F9076F7273E8 /* NSObject+VVAutoCoding.m in Sources */ = {isa = PBXBuildFile; fileRef = 2034607297348F23EF86BD05D50B0FCB /* NSObject+VVAutoCoding.m */; };
		458343C864CBFB4DCFC451E6946D0710 /* VVReferenceModel.m in Sources */ = {isa = PBXBuildFile; fileRef = F92FEA4C5A99AD74EB0705724423DC85 /* VVReferenceModel.m */; };
		476F97F8E530017BB6B1A1E95E17CA0F /* VVClazz.m in Sources */ = {isa = PBXBuildFile; fileRef = 42CB8CA57D5AFBBDF97AE134B880FEB8 /* VVClazz.m */; };
		4B4BE7C7B8D0BD4BD4E231DF4895C58C /* VVClazzBool.m in Sources */ = {isa = PBXBuildFile; fileRef = 628B4EA0832359B0ADFC52DF8973AAF1 /* VVClazzBool.m */; };
		4F68D853B391053C8F8DDE03B46156B1 /* VVClazzNSMutableString.m in Sources */ = {isa = PBXBuildFile; fileRef = 8D221B4B0A0DB82C19AA844CB6418151 /* VVClazzNSMutableString.m */; };
		528E99E6FF8DD4E052568395C92A574A /* LaunchScreen.storyboard in Resources */ = {isa = PBXBuildFile; fileRef = 1E42C65E4C74123084718BBE0243B94F /* LaunchScreen.storyboard */; };
		5717C3F96FB42A5FA41EF55A38692422 /* VVClazzDouble.m in Sources */ = {isa = PBXBuildFile; fileRef = 2E9FDFAFC27757BA074C8E0E841CB691 /* VVClazzDouble.m */; };
		58A6914223808150B8DA2156D92557EE /* VVClazzNSData.m in Sources */ = {isa = PBXBuildFile; fileRef = 7EA47998639EA3E03C15B16659CDDAE7 /* VVClazzNSData.m */; };
		58B37021C4F079AA59B5F841B44198BD /* FMDatabase+IndexInfo.m in Sources */ = {isa = PBXBuildFile; fileRef = CFFA7A3E836EDDD29726E8304D135B9F /* FMDatabase+IndexInfo.m */; };
		59A2A71B738F47F1C0AC1CB8DB8A5D4B /* VVPropertyType.m in Sources */ = {isa = PBXBuildFile; fileRef = 1C6087132C37F9262CC59E9502BE8248 /* VVPropertyType.m */; };
		5A7058A5765EBF6E7B0D219E42AC2869 /* VVClazzUnsignedShort.m in Sources */ = {isa = PBXBuildFile; fileRef = 10DA1FB899E9E80C1EE490B4EE8522F3 /* VVClazzUnsignedShort.m */; };
		5D58494A88F8729E88B77250494AD719 /* VVNameBuilder.m in Sources */ = {isa = PBXBuildFile; fileRef = 150E2D670D7B9708F1F54228D20A2A3E /* VVNameBuilder.m */; };
		5DCD150FE633BD23F7459F89C9D23B83 /* VVClazzNSObject.m in Sources */ = {isa = PBXBuildFile; fileRef = F247B51B5161E8FBD1C1DD56A2718C10 /* VVClazzNSObject.m */; };
		6313D9EEC344B5CCB0E2759166C8F1F0 /* NSObject+VVTabel.m in Sources */ = {isa = PBXBuildFile; fileRef = 3D0526E71B1E97F43330757F52F7B8B2 /* NSObject+VVTabel.m */; };
		6965D56A5044CD6CEDA9CECCC0398FCB /* VVORMClass.m in Sources */ = {isa = PBXBuildFile; fileRef = E6B104FAA04F01FBDE569F4D073CE3BE /* VVORMClass.m */; };
		6C742A8FF92A97D985A1C1A5E24B560D /* VVNotificationCenter.m in Sources */ = {isa = PBXBuildFile; fileRef = 56A4B99F6FADAFB81D634B2DB369F4B4 /* VVNotificationCenter.m */; };
		6C8C933C894503470C03B2F8D2BA8FC6 /* VVORM+Background.m in Sources */ = {isa = PBXBuildFile; fileRef = 585D803FDB2FA117FFE3B75F0D8D7991 /* VVORM+Background.m */; };
		70041313835E6185C35CCEC97501D5EA /* Download.m in Sources */ = {isa = PBXBuildFile; fileRef = 826FDA0C3DBF095D520FDB103AC9C3D1 /* Download.m */; };
		709057EFB2823DC01B118D77096A36F1 /* VVConditionModel.m in Sources */ = {isa = PBXBuildFile; fileRef = 13C1C70828BAD257808D98D87170C016 /* VVConditionModel.m */; };
		7C02E13C01D415B1F30052CCB1E37DF8 /* VVClazzUnsignedLongLong.m in Sources */ = {isa = PBXBuildFile; fileRef = 5614B46A0718165EAE1B02598E211F31 /* VVClazzUnsignedLongLong.m */; };
		7F3FCC3D8EC94540292B5084AF3C370C /* Podfile in Resources */ = {isa = PBXBuildFile; fileRef = 6CB76B06F244F729058DC7ED0EE76E15 /* Podfile */; };
		8002546F6FC3BA3ED75E54204916B571 /* main.m in Sources */ = {isa = PBXBuildFile; fileRef = 3287F2C4CCF9EC27D9E10B13F78E2844 /* main.m */; };
		80838AA06B51E6E33F123FC2A9D0E62E /* VVClazzNSURL.m in Sources */ = {isa = PBXBuildFile; fileRef = 52527FCB7A04B8827A61AC3CB6876010 /* VVClazzNSURL.m */; };
		84ACD60EBCA64DCD1D5A633C835F9E5C /* VVORMUITests.m in Sources */ = {isa = PBXBuildFile; fileRef = 8AB02C0850CBBF844A64CFF7CDAC9EF3 /* VVORMUITests.m */; };
		85B4123B0BB06600135608206223D9BE /* VVClazzShort.m in Sources */ = {isa = PBXBuildFile; fileRef = 66F24AF9460460222BD433E3ACDDBE80 /* VVClazzShort.m */; };
		86EAD7C2CFF88978D7B336225DAAB7FD /* VVClazzChar.m in Sources */ = {isa = PBXBuildFile; fileRef = F3B9C0B7B45C3F2639A001F231304473 /* VVClazzChar.m */; };
		8CDA0571237342E5A03DD77071A5C2BB /* VVReferenceMapper.m in Sources */ = {isa = PBXBuildFile; fileRef = E10D607BB84624D1102B270B398C49D2 /* VVReferenceMapper.m */; };
		8E35DECDB620899A59145B9B7CE4E58C /* VVClazzNSDate.m in Sources */ = {isa = PBXBuildFile; fileRef = 90F86A2FFEBEE7D6691B213FC4EAE9CD /* VVClazzNSDate.m */; };
		99C83C176DE9D7644C9F3267C9E84D01 /* VVMigrationRuntime.m in Sources */ = {isa = PBXBuildFile; fileRef = BC13AF4BE6C5EB7A96CE54B193BC8447 /* VVMigrationRuntime.m */; };
		A463CDF55161F257E0065458D5152514 /* VVClazzUnsignedInt.m in Sources */ = {isa = PBXBuildFile; fileRef = EEBC4BE7B87CAD69DDC8E873E05E4A11 /* VVClazzUnsignedInt.m */; };
		A5188D4F42C62E7245D4754EDCF08FB7 /* VVClazzNSDecimalNumber.m in Sources */ = {isa = PBXBuildFile; fileRef = 491530E84F58697F6AEB8C85C1392C15 /* VVClazzNSDecimalNumber.m */; };
		AB1A2B88F46BFE74609B977D465E9135 /* VVReferenceConditionModel.m in Sources */ = {isa = PBXBuildFile; fileRef = D8700568BD2ACF79C9D9D95710C0F4C6 /* VVReferenceConditionModel.m */; };
		B295FC18C83206BC1D78D394C4425BF7 /* VVDBTests.m in Sources */ = {isa = PBXBuildFile; fileRef = A26B27A4594CDD399A5BA00C49AECFCE /* VVDBTests.m */; };
		BEE3BA1C738973518506664D11AA8A26 /* VVClassProperty.m in Sources */ = {isa = PBXBuildFile; fileRef = 4D84AC431F85DB0B0BF79E4772DD2BEA /* VVClassProperty.m */; };
		BF464AF3F9669C0E0B23D8A7A00B6503 /* VVMigration.m in Sources */ = {isa = PBXBuildFile; fileRef = 9B8388B4F82123657399D0D11578F790 /* VVMigration.m */; };
		C09326C64D582D2A11293EFBD489F42D /* VVClazzLong.m in Sources */ = {isa = PBXBuildFile; fileRef = FC8A739670EAAE70D36EC0D7A87A4296 /* VVClazzLong.m */; };
		C32EE7333E87A732478778B87396E962 /* VVMigrationQueryBuilder.m in Sources */ = {isa = PBXBuildFile; fileRef = 26481974DB7AC2E309620FD0AD15286E /* VVMigrationQueryBuilder.m */; };
		C3AE62EE54235ECFCA82F70C /* VVORMProperty.m in Sources */ = {isa = PBXBuildFile; fileRef = C3AE6548BB984326A3C9F9BE /* VVORMProperty.m */; };
		C3AE663F2A09F66076F67E0B /* VVClazzNSMutableArray.m in Sources */ = {isa = PBXBuildFile; fileRef = C3AE6ABDF16A08A9D5B28421 /* VVClazzNSMutableArray.m */; };
		CBBCBC8337F06EAE14A3B77134A4F505 /* ViewController.m in Sources */ = {isa = PBXBuildFile; fileRef = 50569A531FAE0EB9692310D615EC246E /* ViewController.m */; };
		CD03E642C378FDAB01575FF1D306E702 /* VVClazzNSArray.m in Sources */ = {isa = PBXBuildFile; fileRef = 500846FAEF3F47468DE4B82D6450C416 /* VVClazzNSArray.m */; };
		D01E620A56587FE19FA75A293891AC00 /* VVORM.m in Sources */ = {isa = PBXBuildFile; fileRef = 8388897B4FB72E7D3A651887027F08F4 /* VVORM.m */; };
		D0C35F0C65C4F8A6B72CD5CC6F30D6CC /* VVProperty.m in Sources */ = {isa = PBXBuildFile; fileRef = 53AF1F60C58D243DC9B88FF9945D2909 /* VVProperty.m */; };
		D0DAA6EB8BE41791E6C9BF4949005DDC /* VVSQLiteConditionModel.m in Sources */ = {isa = PBXBuildFile; fileRef = 93B5F8C8567CE117012413AD41F331BC /* VVSQLiteConditionModel.m */; };
		D49F269B9B049CED38B116BC626979CC /* VVClazzNSNumber.m in Sources */ = {isa = PBXBuildFile; fileRef = 704C2CD5E002028F958BABFD24A7EC07 /* VVClazzNSNumber.m */; };
		D4FC990D36F13FED3D974F52F27F8FB6 /* User.m in Sources */ = {isa = PBXBuildFile; fileRef = C8659F64DB01AC80AAB35CD984777531 /* User.m */; };
		D9DE682168E976CFAB4BF9CBF388EBC5 /* VVClazzID.m in Sources */ = {isa = PBXBuildFile; fileRef = 2E332AA7F5C210D749E79E400678D41A /* VVClazzID.m */; };
		F01AB146650361C14B744484C9DDFE6C /* VVMigrationTable.m in Sources */ = {isa = PBXBuildFile; fileRef = F0ECC971FE769BFF30F2E899F1FD39E1 /* VVMigrationTable.m */; };
		F064103AE9FF1F6722E5BAA61177C8FF /* Assets.xcassets in Resources */ = {isa = PBXBuildFile; fileRef = ADACABFFF248DA8E936A33D5EAEF111D /* Assets.xcassets */; };
		F82E94AB8A316B7B28EACE93A88BFC11 /* VVSqliteConst.m in Sources */ = {isa = PBXBuildFile; fileRef = 2FFC8702C160D2FBFFC04CD2F7986593 /* VVSqliteConst.m */; };
		FBFD9A7217243518F394E91232A1C99A /* Main.storyboard in Resources */ = {isa = PBXBuildFile; fileRef = 9EAEBFF67C5DD72130A02B6BE92368F6 /* Main.storyboard */; };
/* End PBXBuildFile section */

/* Begin PBXContainerItemProxy section */
		5CB77FAB02DD5EE9DF060E732CA21EA5 /* PBXContainerItemProxy */ = {
			isa = PBXContainerItemProxy;
			containerPortal = 11DB34C583BC2AF8463707E8426669DD /* Project object */;
			proxyType = 1;
			remoteGlobalIDString = 98DC8D40D2442EB491152386566B9EEB;
			remoteInfo = VVDB;
		};
		A1C5D897C260B14F0A7D5932280D0E71 /* PBXContainerItemProxy */ = {
			isa = PBXContainerItemProxy;
			containerPortal = 11DB34C583BC2AF8463707E8426669DD /* Project object */;
			proxyType = 1;
			remoteGlobalIDString = 98DC8D40D2442EB491152386566B9EEB;
			remoteInfo = VVDB;
		};
/* End PBXContainerItemProxy section */

/* Begin PBXFileReference section */
		0093C9EAC1806A3D5F0BEC62E425C817 /* Pods-VVDB.release.xcconfig */ = {isa = PBXFileReference; includeInIndex = 1; lastKnownFileType = text.xcconfig; name = "Pods-VVDB.release.xcconfig"; path = "Target Support Files/Pods-VVDB/Pods-VVDB.release.xcconfig"; sourceTree = "<group>"; };
		04F8D629F458945D9FD8E99BBE83EFC8 /* VVClazz.h */ = {isa = PBXFileReference; fileEncoding = 4; lastKnownFileType = sourcecode.c.h; path = VVClazz.h; sourceTree = "<group>"; };
		0564A1D05E2A3D15351B181728011E97 /* VVClazzLongLong.h */ = {isa = PBXFileReference; fileEncoding = 4; lastKnownFileType = sourcecode.c.h; path = VVClazzLongLong.h; sourceTree = "<group>"; };
		062C3ABD0408BE9F5E608A92D12BFE9E /* VVClazzNSNull.h */ = {isa = PBXFileReference; fileEncoding = 4; lastKnownFileType = sourcecode.c.h; path = VVClazzNSNull.h; sourceTree = "<group>"; };
		1079BCEDE55CAFDECA3D140BC7FDE6F4 /* VVNotificationCenter.h */ = {isa = PBXFileReference; fileEncoding = 4; lastKnownFileType = sourcecode.c.h; path = VVNotificationCenter.h; sourceTree = "<group>"; };
		10DA1FB899E9E80C1EE490B4EE8522F3 /* VVClazzUnsignedShort.m */ = {isa = PBXFileReference; fileEncoding = 4; lastKnownFileType = sourcecode.c.objc; path = VVClazzUnsignedShort.m; sourceTree = "<group>"; };
		10E714134ECD5A42C1638FAE1B3342FD /* VVClazzLong.h */ = {isa = PBXFileReference; fileEncoding = 4; lastKnownFileType = sourcecode.c.h; path = VVClazzLong.h; sourceTree = "<group>"; };
		13689AD7C02AB601B61A9F47C1324D3D /* Base */ = {isa = PBXFileReference; lastKnownFileType = file.storyboard; name = Base; path = Base.lproj/LaunchScreen.storyboard; sourceTree = "<group>"; };
		13C1C70828BAD257808D98D87170C016 /* VVConditionModel.m */ = {isa = PBXFileReference; fileEncoding = 4; lastKnownFileType = sourcecode.c.objc; path = VVConditionModel.m; sourceTree = "<group>"; };
		150E2D670D7B9708F1F54228D20A2A3E /* VVNameBuilder.m */ = {isa = PBXFileReference; fileEncoding = 4; lastKnownFileType = sourcecode.c.objc; path = VVNameBuilder.m; sourceTree = "<group>"; };
		1C05566E9314601BD340EDC1BCA5E89E /* VVMigrationTable.h */ = {isa = PBXFileReference; fileEncoding = 4; lastKnownFileType = sourcecode.c.h; path = VVMigrationTable.h; sourceTree = "<group>"; };
		1C6087132C37F9262CC59E9502BE8248 /* VVPropertyType.m */ = {isa = PBXFileReference; fileEncoding = 4; lastKnownFileType = sourcecode.c.objc; path = VVPropertyType.m; sourceTree = "<group>"; };
		2034607297348F23EF86BD05D50B0FCB /* NSObject+VVAutoCoding.m */ = {isa = PBXFileReference; fileEncoding = 4; lastKnownFileType = sourcecode.c.objc; path = "NSObject+VVAutoCoding.m"; sourceTree = "<group>"; };
		2091D5782BC1299E1865B910A1E3D204 /* NSObject+VVObserver.h */ = {isa = PBXFileReference; fileEncoding = 4; lastKnownFileType = sourcecode.c.h; path = "NSObject+VVObserver.h"; sourceTree = "<group>"; };
		2158B4E18036EEE35409799ACD1E0D47 /* VVPropertyEncoding.m */ = {isa = PBXFileReference; fileEncoding = 4; lastKnownFileType = sourcecode.c.objc; path = VVPropertyEncoding.m; sourceTree = "<group>"; };
		2493C36114ED758A23179551F60E6635 /* VVClazzUnsignedInt.h */ = {isa = PBXFileReference; fileEncoding = 4; lastKnownFileType = sourcecode.c.h; path = VVClazzUnsignedInt.h; sourceTree = "<group>"; };
		26332DA0D92C6C11CD019F5909170A68 /* VVObserver.m */ = {isa = PBXFileReference; fileEncoding = 4; lastKnownFileType = sourcecode.c.objc; path = VVObserver.m; sourceTree = "<group>"; };
		26481974DB7AC2E309620FD0AD15286E /* VVMigrationQueryBuilder.m */ = {isa = PBXFileReference; fileEncoding = 4; lastKnownFileType = sourcecode.c.objc; path = VVMigrationQueryBuilder.m; sourceTree = "<group>"; };
		29101846270BF95D7850BFC007465AF9 /* Info.plist */ = {isa = PBXFileReference; lastKnownFileType = text.plist.info; path = Info.plist; sourceTree = "<group>"; };
		2D3A9D65875812738A829917CAEF1E7E /* VVORMClass.h */ = {isa = PBXFileReference; fileEncoding = 4; lastKnownFileType = sourcecode.c.h; path = VVORMClass.h; sourceTree = "<group>"; };
		2E332AA7F5C210D749E79E400678D41A /* VVClazzID.m */ = {isa = PBXFileReference; fileEncoding = 4; lastKnownFileType = sourcecode.c.objc; path = VVClazzID.m; sourceTree = "<group>"; };
		2E57E842386F230A197816A23C3A6077 /* VVORM.h */ = {isa = PBXFileReference; fileEncoding = 4; lastKnownFileType = sourcecode.c.h; path = VVORM.h; sourceTree = "<group>"; };
		2E70C33030D1DC17205FDD395065DE9B /* VVSQLiteColumnModel.h */ = {isa = PBXFileReference; fileEncoding = 4; lastKnownFileType = sourcecode.c.h; path = VVSQLiteColumnModel.h; sourceTree = "<group>"; };
		2E9FDFAFC27757BA074C8E0E841CB691 /* VVClazzDouble.m */ = {isa = PBXFileReference; fileEncoding = 4; lastKnownFileType = sourcecode.c.objc; path = VVClazzDouble.m; sourceTree = "<group>"; };
		2FFC8702C160D2FBFFC04CD2F7986593 /* VVSqliteConst.m */ = {isa = PBXFileReference; fileEncoding = 4; lastKnownFileType = sourcecode.c.objc; path = VVSqliteConst.m; sourceTree = "<group>"; };
		3287F2C4CCF9EC27D9E10B13F78E2844 /* main.m */ = {isa = PBXFileReference; lastKnownFileType = sourcecode.c.objc; path = main.m; sourceTree = "<group>"; };
		3645937D1C39EA2CB2D9781D42AFF36C /* VVClazzUnsignedShort.h */ = {isa = PBXFileReference; fileEncoding = 4; lastKnownFileType = sourcecode.c.h; path = VVClazzUnsignedShort.h; sourceTree = "<group>"; };
		39F4BAACEB356BD9B3F663AD15242D63 /* VVORMUITests.xctest */ = {isa = PBXFileReference; explicitFileType = wrapper.cfbundle; includeInIndex = 0; path = VVORMUITests.xctest; sourceTree = BUILT_PRODUCTS_DIR; };
		3D0526E71B1E97F43330757F52F7B8B2 /* NSObject+VVTabel.m */ = {isa = PBXFileReference; fileEncoding = 4; lastKnownFileType = sourcecode.c.objc; path = "NSObject+VVTabel.m"; sourceTree = "<group>"; };
		3FC00E4A1CCFA0A6E02519CD414677C9 /* VVClazzNSMutableString.h */ = {isa = PBXFileReference; fileEncoding = 4; lastKnownFileType = sourcecode.c.h; path = VVClazzNSMutableString.h; sourceTree = "<group>"; };
		429BA5A44A28453E189B638C01871397 /* VVClazzChar.h */ = {isa = PBXFileReference; fileEncoding = 4; lastKnownFileType = sourcecode.c.h; path = VVClazzChar.h; sourceTree = "<group>"; };
		42CB8CA57D5AFBBDF97AE134B880FEB8 /* VVClazz.m */ = {isa = PBXFileReference; fileEncoding = 4; lastKnownFileType = sourcecode.c.objc; path = VVClazz.m; sourceTree = "<group>"; };
		444A2716663CA0A4CCB72ABF524618DA /* VVORMRelationship.h */ = {isa = PBXFileReference; fileEncoding = 4; lastKnownFileType = sourcecode.c.h; path = VVORMRelationship.h; sourceTree = "<group>"; };
		484D6DDA78BCEF8DF872B240 /* libPods-VVORM.a */ = {isa = PBXFileReference; explicitFileType = archive.ar; includeInIndex = 0; path = "libPods-VVORM.a"; sourceTree = BUILT_PRODUCTS_DIR; };
		491530E84F58697F6AEB8C85C1392C15 /* VVClazzNSDecimalNumber.m */ = {isa = PBXFileReference; fileEncoding = 4; lastKnownFileType = sourcecode.c.objc; path = VVClazzNSDecimalNumber.m; sourceTree = "<group>"; };
		4A6ED129B1511F8E27210AABB080F2BE /* VVPropertyEncoding.h */ = {isa = PBXFileReference; fileEncoding = 4; lastKnownFileType = sourcecode.c.h; path = VVPropertyEncoding.h; sourceTree = "<group>"; };
		4A8B931ED153214C6A89AE48A06443DC /* NSObject+VVObserver.m */ = {isa = PBXFileReference; fileEncoding = 4; lastKnownFileType = sourcecode.c.objc; path = "NSObject+VVObserver.m"; sourceTree = "<group>"; };
		4D277AC12575CCCC19600B0C2914AF6C /* VVClazzNSDate.h */ = {isa = PBXFileReference; fileEncoding = 4; lastKnownFileType = sourcecode.c.h; path = VVClazzNSDate.h; sourceTree = "<group>"; };
		4D84AC431F85DB0B0BF79E4772DD2BEA /* VVClassProperty.m */ = {isa = PBXFileReference; fileEncoding = 4; lastKnownFileType = sourcecode.c.objc; path = VVClassProperty.m; sourceTree = "<group>"; };
		4DBB29877BB5AFAC290E50A8E00CF881 /* VVClazzNSNumber.h */ = {isa = PBXFileReference; fileEncoding = 4; lastKnownFileType = sourcecode.c.h; path = VVClazzNSNumber.h; sourceTree = "<group>"; };
		4DE9241B0A798BC7B41D28D454E2C2C8 /* VVReferenceConditionModel.h */ = {isa = PBXFileReference; fileEncoding = 4; lastKnownFileType = sourcecode.c.h; path = VVReferenceConditionModel.h; sourceTree = "<group>"; };
		4E5E7CBA5402CDEAD1A52DD01D9E7526 /* ViewController.h */ = {isa = PBXFileReference; lastKnownFileType = sourcecode.c.h; path = ViewController.h; sourceTree = "<group>"; };
		500846FAEF3F47468DE4B82D6450C416 /* VVClazzNSArray.m */ = {isa = PBXFileReference; fileEncoding = 4; lastKnownFileType = sourcecode.c.objc; path = VVClazzNSArray.m; sourceTree = "<group>"; };
		50569A531FAE0EB9692310D615EC246E /* ViewController.m */ = {isa = PBXFileReference; lastKnownFileType = sourcecode.c.objc; path = ViewController.m; sourceTree = "<group>"; };
		507A5805F821C049D65427DB64469A69 /* VVSQLiteConditionModel.h */ = {isa = PBXFileReference; fileEncoding = 4; lastKnownFileType = sourcecode.c.h; path = VVSQLiteConditionModel.h; sourceTree = "<group>"; };
		50D07794EB8240DE31E3664B1229EA1A /* VVReferenceModel.h */ = {isa = PBXFileReference; fileEncoding = 4; lastKnownFileType = sourcecode.c.h; path = VVReferenceModel.h; sourceTree = "<group>"; };
		52527FCB7A04B8827A61AC3CB6876010 /* VVClazzNSURL.m */ = {isa = PBXFileReference; fileEncoding = 4; lastKnownFileType = sourcecode.c.objc; path = VVClazzNSURL.m; sourceTree = "<group>"; };
		53AF1F60C58D243DC9B88FF9945D2909 /* VVProperty.m */ = {isa = PBXFileReference; fileEncoding = 4; lastKnownFileType = sourcecode.c.objc; path = VVProperty.m; sourceTree = "<group>"; };
		5614B46A0718165EAE1B02598E211F31 /* VVClazzUnsignedLongLong.m */ = {isa = PBXFileReference; fileEncoding = 4; lastKnownFileType = sourcecode.c.objc; path = VVClazzUnsignedLongLong.m; sourceTree = "<group>"; };
		56A4B99F6FADAFB81D634B2DB369F4B4 /* VVNotificationCenter.m */ = {isa = PBXFileReference; fileEncoding = 4; lastKnownFileType = sourcecode.c.objc; path = VVNotificationCenter.m; sourceTree = "<group>"; };
		58452E4CD824CE81A660E5B76B4E0D74 /* VVClazzNSNull.m */ = {isa = PBXFileReference; fileEncoding = 4; lastKnownFileType = sourcecode.c.objc; path = VVClazzNSNull.m; sourceTree = "<group>"; };
		585D803FDB2FA117FFE3B75F0D8D7991 /* VVORM+Background.m */ = {isa = PBXFileReference; fileEncoding = 4; lastKnownFileType = sourcecode.c.objc; path = "VVORM+Background.m"; sourceTree = "<group>"; };
		59A172E33E34085661204AD1E19DF8CE /* VVModelMapper.m */ = {isa = PBXFileReference; fileEncoding = 4; lastKnownFileType = sourcecode.c.objc; path = VVModelMapper.m; sourceTree = "<group>"; };
		5B5CC188BF4D6E8C0BB48E5BFF16E46C /* VVClazzInt.h */ = {isa = PBXFileReference; fileEncoding = 4; lastKnownFileType = sourcecode.c.h; path = VVClazzInt.h; sourceTree = "<group>"; };
		5BDF54E838A9C10EE94189F9FD4387F4 /* VVClazzUnsignedChar.h */ = {isa = PBXFileReference; fileEncoding = 4; lastKnownFileType = sourcecode.c.h; path = VVClazzUnsignedChar.h; sourceTree = "<group>"; };
		5E7CEA2915A754505F26085DA136849C /* VVClazzFloat.h */ = {isa = PBXFileReference; fileEncoding = 4; lastKnownFileType = sourcecode.c.h; path = VVClazzFloat.h; sourceTree = "<group>"; };
		5E8648C3B96FCC8E6AECCC7739577370 /* VVClazzInt.m */ = {isa = PBXFileReference; fileEncoding = 4; lastKnownFileType = sourcecode.c.objc; path = VVClazzInt.m; sourceTree = "<group>"; };
		5F3725921DE611A3168B38C9CE90318A /* VVModelMapper.h */ = {isa = PBXFileReference; fileEncoding = 4; lastKnownFileType = sourcecode.c.h; path = VVModelMapper.h; sourceTree = "<group>"; };
		628B4EA0832359B0ADFC52DF8973AAF1 /* VVClazzBool.m */ = {isa = PBXFileReference; fileEncoding = 4; lastKnownFileType = sourcecode.c.objc; path = VVClazzBool.m; sourceTree = "<group>"; };
		66F24AF9460460222BD433E3ACDDBE80 /* VVClazzShort.m */ = {isa = PBXFileReference; fileEncoding = 4; lastKnownFileType = sourcecode.c.objc; path = VVClazzShort.m; sourceTree = "<group>"; };
		6CB76B06F244F729058DC7ED0EE76E15 /* Podfile */ = {isa = PBXFileReference; fileEncoding = 4; lastKnownFileType = text; path = Podfile; sourceTree = "<group>"; xcLanguageSpecificationIdentifier = xcode.lang.ruby; };
		6DC78D2BE3803542919735BFC255128A /* VVClazzLongLong.m */ = {isa = PBXFileReference; fileEncoding = 4; lastKnownFileType = sourcecode.c.objc; path = VVClazzLongLong.m; sourceTree = "<group>"; };
		6DE5C17B79165914BEBB06B74EDD751F /* VVQueryBuilder.m */ = {isa = PBXFileReference; fileEncoding = 4; lastKnownFileType = sourcecode.c.objc; path = VVQueryBuilder.m; sourceTree = "<group>"; };
		6EE4D4A022DEEBBCF48553D75D0BFC06 /* VVORMRelationship.m */ = {isa = PBXFileReference; fileEncoding = 4; lastKnownFileType = sourcecode.c.objc; path = VVORMRelationship.m; sourceTree = "<group>"; };
		704C2CD5E002028F958BABFD24A7EC07 /* VVClazzNSNumber.m */ = {isa = PBXFileReference; fileEncoding = 4; lastKnownFileType = sourcecode.c.objc; path = VVClazzNSNumber.m; sourceTree = "<group>"; };
		7057288CB7D896AB146B89EBB8D44A3E /* VVReferenceMapper.h */ = {isa = PBXFileReference; fileEncoding = 4; lastKnownFileType = sourcecode.c.h; path = VVReferenceMapper.h; sourceTree = "<group>"; };
		792650FAC93A8C8D738927AA4BB81E59 /* AppDelegate.h */ = {isa = PBXFileReference; lastKnownFileType = sourcecode.c.h; path = AppDelegate.h; sourceTree = "<group>"; };
		7A4D46CD51C965E58A5665556235CF83 /* VVClazzNSString.h */ = {isa = PBXFileReference; fileEncoding = 4; lastKnownFileType = sourcecode.c.h; path = VVClazzNSString.h; sourceTree = "<group>"; };
		7B0774817DE2CB4BB41183082CE576E8 /* Download.h */ = {isa = PBXFileReference; fileEncoding = 4; lastKnownFileType = sourcecode.c.h; path = Download.h; sourceTree = "<group>"; };
		7EA47998639EA3E03C15B16659CDDAE7 /* VVClazzNSData.m */ = {isa = PBXFileReference; fileEncoding = 4; lastKnownFileType = sourcecode.c.objc; path = VVClazzNSData.m; sourceTree = "<group>"; };
		7FD5F22F70D1932E4732467D2493AF44 /* VVClazzNSValue.m */ = {isa = PBXFileReference; fileEncoding = 4; lastKnownFileType = sourcecode.c.objc; path = VVClazzNSValue.m; sourceTree = "<group>"; };
		826FDA0C3DBF095D520FDB103AC9C3D1 /* Download.m */ = {isa = PBXFileReference; fileEncoding = 4; lastKnownFileType = sourcecode.c.objc; path = Download.m; sourceTree = "<group>"; };
		8388897B4FB72E7D3A651887027F08F4 /* VVORM.m */ = {isa = PBXFileReference; fileEncoding = 4; lastKnownFileType = sourcecode.c.objc; path = VVORM.m; sourceTree = "<group>"; };
		84DF07B5ED2B7DF80BD92F77D2494775 /* VVModelInterface.h */ = {isa = PBXFileReference; fileEncoding = 4; lastKnownFileType = sourcecode.c.h; path = VVModelInterface.h; sourceTree = "<group>"; };
		89FF1411C18556C0AA4E2F712BA71320 /* VVClazzShort.h */ = {isa = PBXFileReference; fileEncoding = 4; lastKnownFileType = sourcecode.c.h; path = VVClazzShort.h; sourceTree = "<group>"; };
		8AB02C0850CBBF844A64CFF7CDAC9EF3 /* VVORMUITests.m */ = {isa = PBXFileReference; lastKnownFileType = sourcecode.c.objc; path = VVORMUITests.m; sourceTree = "<group>"; };
		8D221B4B0A0DB82C19AA844CB6418151 /* VVClazzNSMutableString.m */ = {isa = PBXFileReference; fileEncoding = 4; lastKnownFileType = sourcecode.c.objc; path = VVClazzNSMutableString.m; sourceTree = "<group>"; };
		8D46171DAEC577D90FEC65DDD6DB7755 /* VVPropertyType.h */ = {isa = PBXFileReference; fileEncoding = 4; lastKnownFileType = sourcecode.c.h; path = VVPropertyType.h; sourceTree = "<group>"; };
		9001D9524CC1DDA385E703FFA7DF7371 /* VVMigrationQueryBuilder.h */ = {isa = PBXFileReference; fileEncoding = 4; lastKnownFileType = sourcecode.c.h; path = VVMigrationQueryBuilder.h; sourceTree = "<group>"; };
		90F86A2FFEBEE7D6691B213FC4EAE9CD /* VVClazzNSDate.m */ = {isa = PBXFileReference; fileEncoding = 4; lastKnownFileType = sourcecode.c.objc; path = VVClazzNSDate.m; sourceTree = "<group>"; };
		9255F8082A507C0978C683686B8B5EED /* NSObject+VVTabel.h */ = {isa = PBXFileReference; fileEncoding = 4; lastKnownFileType = sourcecode.c.h; path = "NSObject+VVTabel.h"; sourceTree = "<group>"; };
		9264CE8F0C15F2D84F7B8281EE1694C5 /* VVClazzNSObject.h */ = {isa = PBXFileReference; fileEncoding = 4; lastKnownFileType = sourcecode.c.h; path = VVClazzNSObject.h; sourceTree = "<group>"; };
		93B5F8C8567CE117012413AD41F331BC /* VVSQLiteConditionModel.m */ = {isa = PBXFileReference; fileEncoding = 4; lastKnownFileType = sourcecode.c.objc; path = VVSQLiteConditionModel.m; sourceTree = "<group>"; };
		959E8DB1829DF16D9A6A174FE11468B2 /* VVORMManager.m */ = {isa = PBXFileReference; fileEncoding = 4; lastKnownFileType = sourcecode.c.objc; path = VVORMManager.m; sourceTree = "<group>"; };
		99DF0317FF7D1D4CAA3B8838F764805A /* VVObserver.h */ = {isa = PBXFileReference; fileEncoding = 4; lastKnownFileType = sourcecode.c.h; path = VVObserver.h; sourceTree = "<group>"; };
		9A50FD46B294836A690EDDD71D64B598 /* VVConditionModel.h */ = {isa = PBXFileReference; fileEncoding = 4; lastKnownFileType = sourcecode.c.h; path = VVConditionModel.h; sourceTree = "<group>"; };
		9B8388B4F82123657399D0D11578F790 /* VVMigration.m */ = {isa = PBXFileReference; fileEncoding = 4; lastKnownFileType = sourcecode.c.objc; path = VVMigration.m; sourceTree = "<group>"; };
		A1175FBC4B771C8CA261FC43969BF64F /* VVMigrationRuntimeProperty.m */ = {isa = PBXFileReference; fileEncoding = 4; lastKnownFileType = sourcecode.c.objc; path = VVMigrationRuntimeProperty.m; sourceTree = "<group>"; };
		A26B27A4594CDD399A5BA00C49AECFCE /* VVDBTests.m */ = {isa = PBXFileReference; lastKnownFileType = sourcecode.c.objc; path = VVDBTests.m; sourceTree = "<group>"; };
		A34374CE8CCA22E77C4E90E3A247D944 /* VVClazzNSDecimalNumber.h */ = {isa = PBXFileReference; fileEncoding = 4; lastKnownFileType = sourcecode.c.h; path = VVClazzNSDecimalNumber.h; sourceTree = "<group>"; };
		A3EA685B7823C66A93E178C35D110BEC /* AppContent.m */ = {isa = PBXFileReference; fileEncoding = 4; lastKnownFileType = sourcecode.c.objc; path = AppContent.m; sourceTree = "<group>"; };
		AB66685A7E0B83CD9CFF7E6D /* Pods-VVORM.debug.xcconfig */ = {isa = PBXFileReference; includeInIndex = 1; lastKnownFileType = text.xcconfig; name = "Pods-VVORM.debug.xcconfig"; path = "Target Support Files/Pods-VVORM/Pods-VVORM.debug.xcconfig"; sourceTree = "<group>"; };
		ABBE686532C1706BF1DB01D7 /* Pods-VVORM.release.xcconfig */ = {isa = PBXFileReference; includeInIndex = 1; lastKnownFileType = text.xcconfig; name = "Pods-VVORM.release.xcconfig"; path = "Target Support Files/Pods-VVORM/Pods-VVORM.release.xcconfig"; sourceTree = "<group>"; };
		AC82A3E3B0E93FAF5AD14F733982E541 /* User.h */ = {isa = PBXFileReference; fileEncoding = 4; lastKnownFileType = sourcecode.c.h; path = User.h; sourceTree = "<group>"; };
		ADA9B878E6AB8932B7DDB9906D322C76 /* VVORMManager.h */ = {isa = PBXFileReference; fileEncoding = 4; lastKnownFileType = sourcecode.c.h; path = VVORMManager.h; sourceTree = "<group>"; };
		ADACABFFF248DA8E936A33D5EAEF111D /* Assets.xcassets */ = {isa = PBXFileReference; lastKnownFileType = folder.assetcatalog; path = Assets.xcassets; sourceTree = "<group>"; };
		B032801A372085E9C650F893EC942991 /* VVORMTests.xctest */ = {isa = PBXFileReference; explicitFileType = wrapper.cfbundle; includeInIndex = 0; path = VVORMTests.xctest; sourceTree = BUILT_PRODUCTS_DIR; };
		B103E653D8329C6C9D2115C71A43E934 /* Info.plist */ = {isa = PBXFileReference; lastKnownFileType = text.plist.info; path = Info.plist; sourceTree = "<group>"; };
		B33CE696E106F312007F6446EE7FC449 /* VVClazzNSValue.h */ = {isa = PBXFileReference; fileEncoding = 4; lastKnownFileType = sourcecode.c.h; path = VVClazzNSValue.h; sourceTree = "<group>"; };
		B7810777C8E04FCA47F165B3EC83CB3B /* VVClassProperty.h */ = {isa = PBXFileReference; fileEncoding = 4; lastKnownFileType = sourcecode.c.h; path = VVClassProperty.h; sourceTree = "<group>"; };
		BC13AF4BE6C5EB7A96CE54B193BC8447 /* VVMigrationRuntime.m */ = {isa = PBXFileReference; fileEncoding = 4; lastKnownFileType = sourcecode.c.objc; path = VVMigrationRuntime.m; sourceTree = "<group>"; };
		C2600E5FC975816167ED8D0DFB926120 /* FMDatabase+IndexInfo.h */ = {isa = PBXFileReference; fileEncoding = 4; lastKnownFileType = sourcecode.c.h; path = "FMDatabase+IndexInfo.h"; sourceTree = "<group>"; };
		C3AE6548BB984326A3C9F9BE /* VVORMProperty.m */ = {isa = PBXFileReference; fileEncoding = 4; lastKnownFileType = sourcecode.c.objc; path = VVORMProperty.m; sourceTree = "<group>"; };
		C3AE69E7DEAB49A59048C8D5 /* VVORMProperty.h */ = {isa = PBXFileReference; fileEncoding = 4; lastKnownFileType = sourcecode.c.h; path = VVORMProperty.h; sourceTree = "<group>"; };
		C3AE6ABDF16A08A9D5B28421 /* VVClazzNSMutableArray.m */ = {isa = PBXFileReference; fileEncoding = 4; lastKnownFileType = sourcecode.c.objc; path = VVClazzNSMutableArray.m; sourceTree = "<group>"; };
		C3AE6B16C211A49C757F5BC3 /* VVClazzNSMutableArray.h */ = {isa = PBXFileReference; fileEncoding = 4; lastKnownFileType = sourcecode.c.h; path = VVClazzNSMutableArray.h; sourceTree = "<group>"; };
		C40A57A7DC91CC5E9BB9A894DE65A6AE /* Info.plist */ = {isa = PBXFileReference; lastKnownFileType = text.plist.xml; path = Info.plist; sourceTree = "<group>"; };
		C4765467939FA9D01160618217427865 /* VVMigrationRuntimeProperty.h */ = {isa = PBXFileReference; fileEncoding = 4; lastKnownFileType = sourcecode.c.h; path = VVMigrationRuntimeProperty.h; sourceTree = "<group>"; };
		C8659F64DB01AC80AAB35CD984777531 /* User.m */ = {isa = PBXFileReference; fileEncoding = 4; lastKnownFileType = sourcecode.c.objc; path = User.m; sourceTree = "<group>"; };
		C916F35932D00B65EE366059F43CC290 /* Pods-VVDB.debug.xcconfig */ = {isa = PBXFileReference; includeInIndex = 1; lastKnownFileType = text.xcconfig; name = "Pods-VVDB.debug.xcconfig"; path = "Target Support Files/Pods-VVDB/Pods-VVDB.debug.xcconfig"; sourceTree = "<group>"; };
		CC0E5B4C505B0822A487ACDF7CA1451F /* VVClazzID.h */ = {isa = PBXFileReference; fileEncoding = 4; lastKnownFileType = sourcecode.c.h; path = VVClazzID.h; sourceTree = "<group>"; };
		CD6CFD0A07D17532F91177BADD7D8399 /* VVClazzNSArray.h */ = {isa = PBXFileReference; fileEncoding = 4; lastKnownFileType = sourcecode.c.h; path = VVClazzNSArray.h; sourceTree = "<group>"; };
		CFFA7A3E836EDDD29726E8304D135B9F /* FMDatabase+IndexInfo.m */ = {isa = PBXFileReference; fileEncoding = 4; lastKnownFileType = sourcecode.c.objc; path = "FMDatabase+IndexInfo.m"; sourceTree = "<group>"; };
		D08313258A7D5F5F057C99E06DDD9DED /* VVORM.app */ = {isa = PBXFileReference; explicitFileType = wrapper.application; includeInIndex = 0; path = VVORM.app; sourceTree = BUILT_PRODUCTS_DIR; };
		D2A7BD02EEFDC8C6991E8C304752FBA5 /* VVQueryBuilder.h */ = {isa = PBXFileReference; fileEncoding = 4; lastKnownFileType = sourcecode.c.h; path = VVQueryBuilder.h; sourceTree = "<group>"; };
		D41670B95DEF09B9F93302488DC8B256 /* VVClazzNSData.h */ = {isa = PBXFileReference; fileEncoding = 4; lastKnownFileType = sourcecode.c.h; path = VVClazzNSData.h; sourceTree = "<group>"; };
		D6BA031EE2600B792409242C98AA9367 /* VVClazzBool.h */ = {isa = PBXFileReference; fileEncoding = 4; lastKnownFileType = sourcecode.c.h; path = VVClazzBool.h; sourceTree = "<group>"; };
		D74B06436E24529FFD7E32690820DE55 /* VVClazzUnsignedLong.m */ = {isa = PBXFileReference; fileEncoding = 4; lastKnownFileType = sourcecode.c.objc; path = VVClazzUnsignedLong.m; sourceTree = "<group>"; };
		D8700568BD2ACF79C9D9D95710C0F4C6 /* VVReferenceConditionModel.m */ = {isa = PBXFileReference; fileEncoding = 4; lastKnownFileType = sourcecode.c.objc; path = VVReferenceConditionModel.m; sourceTree = "<group>"; };
		DAFAACEDFC03016D2185A21951261962 /* VVORM+Background.h */ = {isa = PBXFileReference; fileEncoding = 4; lastKnownFileType = sourcecode.c.h; path = "VVORM+Background.h"; sourceTree = "<group>"; };
		E10D607BB84624D1102B270B398C49D2 /* VVReferenceMapper.m */ = {isa = PBXFileReference; fileEncoding = 4; lastKnownFileType = sourcecode.c.objc; path = VVReferenceMapper.m; sourceTree = "<group>"; };
		E11F7F548827D13EAA14F63A9FE0E950 /* VVMigration.h */ = {isa = PBXFileReference; fileEncoding = 4; lastKnownFileType = sourcecode.c.h; path = VVMigration.h; sourceTree = "<group>"; };
		E22F18F85678F4BC99158B21281B7BFF /* VVProperty.h */ = {isa = PBXFileReference; fileEncoding = 4; lastKnownFileType = sourcecode.c.h; path = VVProperty.h; sourceTree = "<group>"; };
		E33EDE085C022874020D3E8101106144 /* VVClazzFloat.m */ = {isa = PBXFileReference; fileEncoding = 4; lastKnownFileType = sourcecode.c.objc; path = VVClazzFloat.m; sourceTree = "<group>"; };
		E33F75911D1885607DBCD09E0D1ABDB7 /* VVClazzNSString.m */ = {isa = PBXFileReference; fileEncoding = 4; lastKnownFileType = sourcecode.c.objc; path = VVClazzNSString.m; sourceTree = "<group>"; };
		E3B3C11B25253B24F9EBB154EE2848FF /* Base */ = {isa = PBXFileReference; lastKnownFileType = file.storyboard; name = Base; path = Base.lproj/Main.storyboard; sourceTree = "<group>"; };
		E5FC6C8BA96E1FCA05BF52646884E003 /* VVClazzDouble.h */ = {isa = PBXFileReference; fileEncoding = 4; lastKnownFileType = sourcecode.c.h; path = VVClazzDouble.h; sourceTree = "<group>"; };
		E6B104FAA04F01FBDE569F4D073CE3BE /* VVORMClass.m */ = {isa = PBXFileReference; fileEncoding = 4; lastKnownFileType = sourcecode.c.objc; path = VVORMClass.m; sourceTree = "<group>"; };
		E74BC94A4DD4AB35F92DA90A3805C20A /* VVNameBuilder.h */ = {isa = PBXFileReference; fileEncoding = 4; lastKnownFileType = sourcecode.c.h; path = VVNameBuilder.h; sourceTree = "<group>"; };
		E94F317CA8D82C9474BC5F152DF06698 /* VVClazzSerialize.m */ = {isa = PBXFileReference; fileEncoding = 4; lastKnownFileType = sourcecode.c.objc; path = VVClazzSerialize.m; sourceTree = "<group>"; };
		EB778877FCC42799029314BF498B61D7 /* VVSqliteConst.h */ = {isa = PBXFileReference; fileEncoding = 4; lastKnownFileType = sourcecode.c.h; path = VVSqliteConst.h; sourceTree = "<group>"; };
		EEBC4BE7B87CAD69DDC8E873E05E4A11 /* VVClazzUnsignedInt.m */ = {isa = PBXFileReference; fileEncoding = 4; lastKnownFileType = sourcecode.c.objc; path = VVClazzUnsignedInt.m; sourceTree = "<group>"; };
		EFE4816C95F557AA57261A37C6741711 /* VVMigrationRuntime.h */ = {isa = PBXFileReference; fileEncoding = 4; lastKnownFileType = sourcecode.c.h; path = VVMigrationRuntime.h; sourceTree = "<group>"; };
		F03DBED14A1174872332EF4698E73F0A /* VVClazzSerialize.h */ = {isa = PBXFileReference; fileEncoding = 4; lastKnownFileType = sourcecode.c.h; path = VVClazzSerialize.h; sourceTree = "<group>"; };
		F0ECC971FE769BFF30F2E899F1FD39E1 /* VVMigrationTable.m */ = {isa = PBXFileReference; fileEncoding = 4; lastKnownFileType = sourcecode.c.objc; path = VVMigrationTable.m; sourceTree = "<group>"; };
		F247B51B5161E8FBD1C1DD56A2718C10 /* VVClazzNSObject.m */ = {isa = PBXFileReference; fileEncoding = 4; lastKnownFileType = sourcecode.c.objc; path = VVClazzNSObject.m; sourceTree = "<group>"; };
		F3B9C0B7B45C3F2639A001F231304473 /* VVClazzChar.m */ = {isa = PBXFileReference; fileEncoding = 4; lastKnownFileType = sourcecode.c.objc; path = VVClazzChar.m; sourceTree = "<group>"; };
		F58794D953F746B52130B1D5F6384994 /* AppContent.h */ = {isa = PBXFileReference; fileEncoding = 4; lastKnownFileType = sourcecode.c.h; path = AppContent.h; sourceTree = "<group>"; };
		F76605C06410951C6B97F85C60FBE2DD /* NSObject+VVAutoCoding.h */ = {isa = PBXFileReference; fileEncoding = 4; lastKnownFileType = sourcecode.c.h; path = "NSObject+VVAutoCoding.h"; sourceTree = "<group>"; };
		F81C2AC8F9DF3FE4C48CA7A20AE5CF45 /* VVClazzUnsignedChar.m */ = {isa = PBXFileReference; fileEncoding = 4; lastKnownFileType = sourcecode.c.objc; path = VVClazzUnsignedChar.m; sourceTree = "<group>"; };
		F8462E0E6E13BF864A3235582CE65711 /* VVClazzUnsignedLongLong.h */ = {isa = PBXFileReference; fileEncoding = 4; lastKnownFileType = sourcecode.c.h; path = VVClazzUnsignedLongLong.h; sourceTree = "<group>"; };
		F92FEA4C5A99AD74EB0705724423DC85 /* VVReferenceModel.m */ = {isa = PBXFileReference; fileEncoding = 4; lastKnownFileType = sourcecode.c.objc; path = VVReferenceModel.m; sourceTree = "<group>"; };
		F980348A50D9E6389EF5BA425BBA0671 /* VVClazzNSURL.h */ = {isa = PBXFileReference; fileEncoding = 4; lastKnownFileType = sourcecode.c.h; path = VVClazzNSURL.h; sourceTree = "<group>"; };
		F98CF2D76778DA50805B2D3FD7DCB717 /* AppDelegate.m */ = {isa = PBXFileReference; lastKnownFileType = sourcecode.c.objc; path = AppDelegate.m; sourceTree = "<group>"; };
		FBD35ECA0CA56E0AE8916ADDDC3CABAF /* VVSQLiteColumnModel.m */ = {isa = PBXFileReference; fileEncoding = 4; lastKnownFileType = sourcecode.c.objc; path = VVSQLiteColumnModel.m; sourceTree = "<group>"; };
		FC8A739670EAAE70D36EC0D7A87A4296 /* VVClazzLong.m */ = {isa = PBXFileReference; fileEncoding = 4; lastKnownFileType = sourcecode.c.objc; path = VVClazzLong.m; sourceTree = "<group>"; };
		FCC3110768AAF208A51CAD9314A917E9 /* VVClazzUnsignedLong.h */ = {isa = PBXFileReference; fileEncoding = 4; lastKnownFileType = sourcecode.c.h; path = VVClazzUnsignedLong.h; sourceTree = "<group>"; };
/* End PBXFileReference section */

/* Begin PBXFrameworksBuildPhase section */
		3B114D4DA3FA2E994A8E2B7FE1BCCF3B /* Frameworks */ = {
			isa = PBXFrameworksBuildPhase;
			buildActionMask = 2147483647;
			files = (
			);
			runOnlyForDeploymentPostprocessing = 0;
		};
		61C1B3035DA9485780CEEC4F8E29757D /* Frameworks */ = {
			isa = PBXFrameworksBuildPhase;
			buildActionMask = 2147483647;
			files = (
			);
			runOnlyForDeploymentPostprocessing = 0;
		};
		6FD0B1589831A6339AF6274919DDB96E /* Frameworks */ = {
			isa = PBXFrameworksBuildPhase;
			buildActionMask = 2147483647;
			files = (
				193D39A68D5504B9CC380610 /* libPods-VVORM.a in Frameworks */,
			);
			runOnlyForDeploymentPostprocessing = 0;
		};
/* End PBXFrameworksBuildPhase section */

/* Begin PBXGroup section */
		06EF2BAFE5B84542CF39371CD8B4DC5D /* Condition */ = {
			isa = PBXGroup;
			children = (
				9A50FD46B294836A690EDDD71D64B598 /* VVConditionModel.h */,
				13C1C70828BAD257808D98D87170C016 /* VVConditionModel.m */,
				4DE9241B0A798BC7B41D28D454E2C2C8 /* VVReferenceConditionModel.h */,
				D8700568BD2ACF79C9D9D95710C0F4C6 /* VVReferenceConditionModel.m */,
				507A5805F821C049D65427DB64469A69 /* VVSQLiteConditionModel.h */,
				93B5F8C8567CE117012413AD41F331BC /* VVSQLiteConditionModel.m */,
			);
			path = Condition;
			sourceTree = "<group>";
		};
		2AE417007AA176A67F82142D8E71CC46 /* Products */ = {
			isa = PBXGroup;
			children = (
				D08313258A7D5F5F057C99E06DDD9DED /* VVORM.app */,
				B032801A372085E9C650F893EC942991 /* VVORMTests.xctest */,
				39F4BAACEB356BD9B3F663AD15242D63 /* VVORMUITests.xctest */,
			);
			name = Products;
			sourceTree = "<group>";
		};
		304F333625AF8938AEAE855DA2BA6D89 /* Propterty */ = {
			isa = PBXGroup;
			children = (
				B7810777C8E04FCA47F165B3EC83CB3B /* VVClassProperty.h */,
				4D84AC431F85DB0B0BF79E4772DD2BEA /* VVClassProperty.m */,
				E22F18F85678F4BC99158B21281B7BFF /* VVProperty.h */,
				53AF1F60C58D243DC9B88FF9945D2909 /* VVProperty.m */,
				4A6ED129B1511F8E27210AABB080F2BE /* VVPropertyEncoding.h */,
				2158B4E18036EEE35409799ACD1E0D47 /* VVPropertyEncoding.m */,
				8D46171DAEC577D90FEC65DDD6DB7755 /* VVPropertyType.h */,
				1C6087132C37F9262CC59E9502BE8248 /* VVPropertyType.m */,
				2D3A9D65875812738A829917CAEF1E7E /* VVORMClass.h */,
				E6B104FAA04F01FBDE569F4D073CE3BE /* VVORMClass.m */,
				C3AE6548BB984326A3C9F9BE /* VVORMProperty.m */,
				C3AE69E7DEAB49A59048C8D5 /* VVORMProperty.h */,
			);
			path = Propterty;
			sourceTree = "<group>";
		};
		368079EB873524017FCAE8E34E8A66FC /* VVORMUITests */ = {
			isa = PBXGroup;
			children = (
				B103E653D8329C6C9D2115C71A43E934 /* Info.plist */,
				8AB02C0850CBBF844A64CFF7CDAC9EF3 /* VVORMUITests.m */,
			);
			path = VVORMUITests;
			sourceTree = "<group>";
		};
		370DFF8ADFDB7AB163B90CBA3C520AA8 = {
			isa = PBXGroup;
			children = (
				804BABB59476401FE82CA7DF349EB500 /* Frameworks */,
				6CB76B06F244F729058DC7ED0EE76E15 /* Podfile */,
				379BFD789B0DCD6369615C78264254BE /* Pods */,
				2AE417007AA176A67F82142D8E71CC46 /* Products */,
				CDE6DDB0454F461FE54FBFAF1AD26361 /* VVORM */,
				68BFE6BFBA7AEE5AC32CA329D4F5F487 /* VVORMTests */,
				368079EB873524017FCAE8E34E8A66FC /* VVORMUITests */,
			);
			sourceTree = "<group>";
		};
		379BFD789B0DCD6369615C78264254BE /* Pods */ = {
			isa = PBXGroup;
			children = (
				C916F35932D00B65EE366059F43CC290 /* Pods-VVDB.debug.xcconfig */,
				0093C9EAC1806A3D5F0BEC62E425C817 /* Pods-VVDB.release.xcconfig */,
				AB66685A7E0B83CD9CFF7E6D /* Pods-VVORM.debug.xcconfig */,
				ABBE686532C1706BF1DB01D7 /* Pods-VVORM.release.xcconfig */,
			);
			path = Pods;
			sourceTree = "<group>";
		};
		52AE3C70395CFD859F723876FEA5DB70 /* Model */ = {
			isa = PBXGroup;
			children = (
				8B4378D84A9F3E8E2D01EFA165045088 /* Migration */,
				5F3725921DE611A3168B38C9CE90318A /* VVModelMapper.h */,
				59A172E33E34085661204AD1E19DF8CE /* VVModelMapper.m */,
				7057288CB7D896AB146B89EBB8D44A3E /* VVReferenceMapper.h */,
				E10D607BB84624D1102B270B398C49D2 /* VVReferenceMapper.m */,
			);
			path = Model;
			sourceTree = "<group>";
		};
		68BFE6BFBA7AEE5AC32CA329D4F5F487 /* VVORMTests */ = {
			isa = PBXGroup;
			children = (
				29101846270BF95D7850BFC007465AF9 /* Info.plist */,
				A26B27A4594CDD399A5BA00C49AECFCE /* VVDBTests.m */,
			);
			path = VVORMTests;
			sourceTree = "<group>";
		};
		804BABB59476401FE82CA7DF349EB500 /* Frameworks */ = {
			isa = PBXGroup;
			children = (
				484D6DDA78BCEF8DF872B240 /* libPods-VVORM.a */,
			);
			name = Frameworks;
			sourceTree = "<group>";
		};
		8B4378D84A9F3E8E2D01EFA165045088 /* Migration */ = {
			isa = PBXGroup;
			children = (
				E11F7F548827D13EAA14F63A9FE0E950 /* VVMigration.h */,
				9B8388B4F82123657399D0D11578F790 /* VVMigration.m */,
				9001D9524CC1DDA385E703FFA7DF7371 /* VVMigrationQueryBuilder.h */,
				26481974DB7AC2E309620FD0AD15286E /* VVMigrationQueryBuilder.m */,
				EFE4816C95F557AA57261A37C6741711 /* VVMigrationRuntime.h */,
				BC13AF4BE6C5EB7A96CE54B193BC8447 /* VVMigrationRuntime.m */,
				C4765467939FA9D01160618217427865 /* VVMigrationRuntimeProperty.h */,
				A1175FBC4B771C8CA261FC43969BF64F /* VVMigrationRuntimeProperty.m */,
			);
			path = Migration;
			sourceTree = "<group>";
		};
		9C2A395295F9A65013BC014B1C097A16 /* ORM */ = {
			isa = PBXGroup;
			children = (
				DAFAACEDFC03016D2185A21951261962 /* VVORM+Background.h */,
				585D803FDB2FA117FFE3B75F0D8D7991 /* VVORM+Background.m */,
				2E57E842386F230A197816A23C3A6077 /* VVORM.h */,
				8388897B4FB72E7D3A651887027F08F4 /* VVORM.m */,
				ADA9B878E6AB8932B7DDB9906D322C76 /* VVORMManager.h */,
				959E8DB1829DF16D9A6A174FE11468B2 /* VVORMManager.m */,
			);
			path = ORM;
			sourceTree = "<group>";
		};
		B95044CB076F02259E48DA7734A9007A /* Clazz */ = {
			isa = PBXGroup;
			children = (
				04F8D629F458945D9FD8E99BBE83EFC8 /* VVClazz.h */,
				42CB8CA57D5AFBBDF97AE134B880FEB8 /* VVClazz.m */,
				D6BA031EE2600B792409242C98AA9367 /* VVClazzBool.h */,
				628B4EA0832359B0ADFC52DF8973AAF1 /* VVClazzBool.m */,
				429BA5A44A28453E189B638C01871397 /* VVClazzChar.h */,
				F3B9C0B7B45C3F2639A001F231304473 /* VVClazzChar.m */,
				E5FC6C8BA96E1FCA05BF52646884E003 /* VVClazzDouble.h */,
				2E9FDFAFC27757BA074C8E0E841CB691 /* VVClazzDouble.m */,
				5E7CEA2915A754505F26085DA136849C /* VVClazzFloat.h */,
				E33EDE085C022874020D3E8101106144 /* VVClazzFloat.m */,
				CC0E5B4C505B0822A487ACDF7CA1451F /* VVClazzID.h */,
				2E332AA7F5C210D749E79E400678D41A /* VVClazzID.m */,
				5B5CC188BF4D6E8C0BB48E5BFF16E46C /* VVClazzInt.h */,
				5E8648C3B96FCC8E6AECCC7739577370 /* VVClazzInt.m */,
				10E714134ECD5A42C1638FAE1B3342FD /* VVClazzLong.h */,
				FC8A739670EAAE70D36EC0D7A87A4296 /* VVClazzLong.m */,
				0564A1D05E2A3D15351B181728011E97 /* VVClazzLongLong.h */,
				6DC78D2BE3803542919735BFC255128A /* VVClazzLongLong.m */,
				CD6CFD0A07D17532F91177BADD7D8399 /* VVClazzNSArray.h */,
				500846FAEF3F47468DE4B82D6450C416 /* VVClazzNSArray.m */,
				D41670B95DEF09B9F93302488DC8B256 /* VVClazzNSData.h */,
				7EA47998639EA3E03C15B16659CDDAE7 /* VVClazzNSData.m */,
				4D277AC12575CCCC19600B0C2914AF6C /* VVClazzNSDate.h */,
				90F86A2FFEBEE7D6691B213FC4EAE9CD /* VVClazzNSDate.m */,
				A34374CE8CCA22E77C4E90E3A247D944 /* VVClazzNSDecimalNumber.h */,
				491530E84F58697F6AEB8C85C1392C15 /* VVClazzNSDecimalNumber.m */,
				3FC00E4A1CCFA0A6E02519CD414677C9 /* VVClazzNSMutableString.h */,
				8D221B4B0A0DB82C19AA844CB6418151 /* VVClazzNSMutableString.m */,
				062C3ABD0408BE9F5E608A92D12BFE9E /* VVClazzNSNull.h */,
				58452E4CD824CE81A660E5B76B4E0D74 /* VVClazzNSNull.m */,
				4DBB29877BB5AFAC290E50A8E00CF881 /* VVClazzNSNumber.h */,
				704C2CD5E002028F958BABFD24A7EC07 /* VVClazzNSNumber.m */,
				9264CE8F0C15F2D84F7B8281EE1694C5 /* VVClazzNSObject.h */,
				F247B51B5161E8FBD1C1DD56A2718C10 /* VVClazzNSObject.m */,
				7A4D46CD51C965E58A5665556235CF83 /* VVClazzNSString.h */,
				E33F75911D1885607DBCD09E0D1ABDB7 /* VVClazzNSString.m */,
				F980348A50D9E6389EF5BA425BBA0671 /* VVClazzNSURL.h */,
				52527FCB7A04B8827A61AC3CB6876010 /* VVClazzNSURL.m */,
				B33CE696E106F312007F6446EE7FC449 /* VVClazzNSValue.h */,
				7FD5F22F70D1932E4732467D2493AF44 /* VVClazzNSValue.m */,
				F03DBED14A1174872332EF4698E73F0A /* VVClazzSerialize.h */,
				E94F317CA8D82C9474BC5F152DF06698 /* VVClazzSerialize.m */,
				89FF1411C18556C0AA4E2F712BA71320 /* VVClazzShort.h */,
				66F24AF9460460222BD433E3ACDDBE80 /* VVClazzShort.m */,
				5BDF54E838A9C10EE94189F9FD4387F4 /* VVClazzUnsignedChar.h */,
				F81C2AC8F9DF3FE4C48CA7A20AE5CF45 /* VVClazzUnsignedChar.m */,
				2493C36114ED758A23179551F60E6635 /* VVClazzUnsignedInt.h */,
				EEBC4BE7B87CAD69DDC8E873E05E4A11 /* VVClazzUnsignedInt.m */,
				FCC3110768AAF208A51CAD9314A917E9 /* VVClazzUnsignedLong.h */,
				D74B06436E24529FFD7E32690820DE55 /* VVClazzUnsignedLong.m */,
				F8462E0E6E13BF864A3235582CE65711 /* VVClazzUnsignedLongLong.h */,
				5614B46A0718165EAE1B02598E211F31 /* VVClazzUnsignedLongLong.m */,
				3645937D1C39EA2CB2D9781D42AFF36C /* VVClazzUnsignedShort.h */,
				10DA1FB899E9E80C1EE490B4EE8522F3 /* VVClazzUnsignedShort.m */,
				EB778877FCC42799029314BF498B61D7 /* VVSqliteConst.h */,
				2FFC8702C160D2FBFFC04CD2F7986593 /* VVSqliteConst.m */,
				C3AE6ABDF16A08A9D5B28421 /* VVClazzNSMutableArray.m */,
				C3AE6B16C211A49C757F5BC3 /* VVClazzNSMutableArray.h */,
			);
			path = Clazz;
			sourceTree = "<group>";
		};
		C7EA33761BE579F94D25251A6B128C11 /* Source */ = {
			isa = PBXGroup;
			children = (
				B95044CB076F02259E48DA7734A9007A /* Clazz */,
				06EF2BAFE5B84542CF39371CD8B4DC5D /* Condition */,
				9C2A395295F9A65013BC014B1C097A16 /* ORM */,
				52AE3C70395CFD859F723876FEA5DB70 /* Model */,
				E22680F744378DEC8FB8BB7B39617771 /* Notice */,
				304F333625AF8938AEAE855DA2BA6D89 /* Propterty */,
				DAD824F5F925D128473A048FA0321B5F /* Table */,
				C2600E5FC975816167ED8D0DFB926120 /* FMDatabase+IndexInfo.h */,
				CFFA7A3E836EDDD29726E8304D135B9F /* FMDatabase+IndexInfo.m */,
				F76605C06410951C6B97F85C60FBE2DD /* NSObject+VVAutoCoding.h */,
				2034607297348F23EF86BD05D50B0FCB /* NSObject+VVAutoCoding.m */,
				9255F8082A507C0978C683686B8B5EED /* NSObject+VVTabel.h */,
				3D0526E71B1E97F43330757F52F7B8B2 /* NSObject+VVTabel.m */,
				84DF07B5ED2B7DF80BD92F77D2494775 /* VVModelInterface.h */,
			);
			path = Source;
			sourceTree = "<group>";
		};
		CDE6DDB0454F461FE54FBFAF1AD26361 /* VVORM */ = {
			isa = PBXGroup;
			children = (
				C7EA33761BE579F94D25251A6B128C11 /* Source */,
				F58794D953F746B52130B1D5F6384994 /* AppContent.h */,
				A3EA685B7823C66A93E178C35D110BEC /* AppContent.m */,
				792650FAC93A8C8D738927AA4BB81E59 /* AppDelegate.h */,
				F98CF2D76778DA50805B2D3FD7DCB717 /* AppDelegate.m */,
				ADACABFFF248DA8E936A33D5EAEF111D /* Assets.xcassets */,
				7B0774817DE2CB4BB41183082CE576E8 /* Download.h */,
				826FDA0C3DBF095D520FDB103AC9C3D1 /* Download.m */,
				C40A57A7DC91CC5E9BB9A894DE65A6AE /* Info.plist */,
				1E42C65E4C74123084718BBE0243B94F /* LaunchScreen.storyboard */,
				9EAEBFF67C5DD72130A02B6BE92368F6 /* Main.storyboard */,
				AC82A3E3B0E93FAF5AD14F733982E541 /* User.h */,
				C8659F64DB01AC80AAB35CD984777531 /* User.m */,
				4E5E7CBA5402CDEAD1A52DD01D9E7526 /* ViewController.h */,
				50569A531FAE0EB9692310D615EC246E /* ViewController.m */,
				3287F2C4CCF9EC27D9E10B13F78E2844 /* main.m */,
			);
			path = VVORM;
			sourceTree = "<group>";
		};
		DAD824F5F925D128473A048FA0321B5F /* Table */ = {
			isa = PBXGroup;
			children = (
				1C05566E9314601BD340EDC1BCA5E89E /* VVMigrationTable.h */,
				F0ECC971FE769BFF30F2E899F1FD39E1 /* VVMigrationTable.m */,
				E74BC94A4DD4AB35F92DA90A3805C20A /* VVNameBuilder.h */,
				150E2D670D7B9708F1F54228D20A2A3E /* VVNameBuilder.m */,
				D2A7BD02EEFDC8C6991E8C304752FBA5 /* VVQueryBuilder.h */,
				6DE5C17B79165914BEBB06B74EDD751F /* VVQueryBuilder.m */,
				50D07794EB8240DE31E3664B1229EA1A /* VVReferenceModel.h */,
				F92FEA4C5A99AD74EB0705724423DC85 /* VVReferenceModel.m */,
				444A2716663CA0A4CCB72ABF524618DA /* VVORMRelationship.h */,
				6EE4D4A022DEEBBCF48553D75D0BFC06 /* VVORMRelationship.m */,
				2E70C33030D1DC17205FDD395065DE9B /* VVSQLiteColumnModel.h */,
				FBD35ECA0CA56E0AE8916ADDDC3CABAF /* VVSQLiteColumnModel.m */,
			);
			path = Table;
			sourceTree = "<group>";
		};
		E22680F744378DEC8FB8BB7B39617771 /* Notice */ = {
			isa = PBXGroup;
			children = (
				2091D5782BC1299E1865B910A1E3D204 /* NSObject+VVObserver.h */,
				4A8B931ED153214C6A89AE48A06443DC /* NSObject+VVObserver.m */,
				1079BCEDE55CAFDECA3D140BC7FDE6F4 /* VVNotificationCenter.h */,
				56A4B99F6FADAFB81D634B2DB369F4B4 /* VVNotificationCenter.m */,
				99DF0317FF7D1D4CAA3B8838F764805A /* VVObserver.h */,
				26332DA0D92C6C11CD019F5909170A68 /* VVObserver.m */,
			);
			path = Notice;
			sourceTree = "<group>";
		};
/* End PBXGroup section */

/* Begin PBXNativeTarget section */
		98DC8D40D2442EB491152386566B9EEB /* VVORM */ = {
			isa = PBXNativeTarget;
			buildConfigurationList = 73E678FB564B343F243003301C01697C /* Build configuration list for PBXNativeTarget "VVORM" */;
			buildPhases = (
				32AE369EC65751A5227499F7BB8744DD /* [CP] Check Pods Manifest.lock */,
				E94B081A8B4F30C42DA1E8F5EA254F03 /* Sources */,
				6FD0B1589831A6339AF6274919DDB96E /* Frameworks */,
				B8E4FC073C02C027505E17C372EC47C1 /* Resources */,
			);
			buildRules = (
			);
			dependencies = (
			);
			name = VVORM;
			productName = VVDB;
			productReference = D08313258A7D5F5F057C99E06DDD9DED /* VVORM.app */;
			productType = "com.apple.product-type.application";
		};
		AB9642C3700948D86541F64CB743A22A /* VVORMTests */ = {
			isa = PBXNativeTarget;
			buildConfigurationList = C8150DC55A31847AFCFE91566CD8646D /* Build configuration list for PBXNativeTarget "VVORMTests" */;
			buildPhases = (
				3EA5F706EB9B781C36CCCFE60531C407 /* Sources */,
				61C1B3035DA9485780CEEC4F8E29757D /* Frameworks */,
				A4FAB1F4C8FFE3AD0AAB0E6304212A83 /* Resources */,
			);
			buildRules = (
			);
			dependencies = (
				F33B61FA571DA82E29869627D05E5E9D /* PBXTargetDependency */,
			);
			name = VVORMTests;
			productName = VVDBTests;
			productReference = B032801A372085E9C650F893EC942991 /* VVORMTests.xctest */;
			productType = "com.apple.product-type.bundle.unit-test";
		};
		AFCE0AF001D796265540E3244C6EA4B6 /* VVORMUITests */ = {
			isa = PBXNativeTarget;
			buildConfigurationList = 6A44FEC1113AC3B68EA05EED67B00855 /* Build configuration list for PBXNativeTarget "VVORMUITests" */;
			buildPhases = (
				965C597CEF1033C082D59D3BB087A5D0 /* Sources */,
				3B114D4DA3FA2E994A8E2B7FE1BCCF3B /* Frameworks */,
				2CB563633811585B0787E37C88116150 /* Resources */,
			);
			buildRules = (
			);
			dependencies = (
				C76CC338FCB9133C08F2ED6E65CCF9FC /* PBXTargetDependency */,
			);
			name = VVORMUITests;
			productName = VVDBUITests;
			productReference = 39F4BAACEB356BD9B3F663AD15242D63 /* VVORMUITests.xctest */;
			productType = "com.apple.product-type.bundle.ui-testing";
		};
/* End PBXNativeTarget section */

/* Begin PBXProject section */
		11DB34C583BC2AF8463707E8426669DD /* Project object */ = {
			isa = PBXProject;
			attributes = {
				LastUpgradeCheck = 1020;
				ORGANIZATIONNAME = Tank;
				TargetAttributes = {
					98DC8D40D2442EB491152386566B9EEB = {
						CreatedOnToolsVersion = 10.2.1;
					};
					AB9642C3700948D86541F64CB743A22A = {
						CreatedOnToolsVersion = 10.2.1;
						TestTargetID = 98DC8D40D2442EB491152386566B9EEB;
					};
					AFCE0AF001D796265540E3244C6EA4B6 = {
						CreatedOnToolsVersion = 10.2.1;
						TestTargetID = 98DC8D40D2442EB491152386566B9EEB;
					};
				};
			};
			buildConfigurationList = 147F54EDAB35A9D0DE4F94EF0DAED0A3 /* Build configuration list for PBXProject "VVORM" */;
			compatibilityVersion = "Xcode 9.3";
			developmentRegion = en;
			hasScannedForEncodings = 0;
			knownRegions = (
				en,
				Base,
			);
			mainGroup = 370DFF8ADFDB7AB163B90CBA3C520AA8;
			productRefGroup = 2AE417007AA176A67F82142D8E71CC46 /* Products */;
			projectDirPath = "";
			projectRoot = "";
			targets = (
				98DC8D40D2442EB491152386566B9EEB /* VVORM */,
				AB9642C3700948D86541F64CB743A22A /* VVORMTests */,
				AFCE0AF001D796265540E3244C6EA4B6 /* VVORMUITests */,
			);
		};
/* End PBXProject section */

/* Begin PBXResourcesBuildPhase section */
		2CB563633811585B0787E37C88116150 /* Resources */ = {
			isa = PBXResourcesBuildPhase;
			buildActionMask = 2147483647;
			files = (
			);
			runOnlyForDeploymentPostprocessing = 0;
		};
		A4FAB1F4C8FFE3AD0AAB0E6304212A83 /* Resources */ = {
			isa = PBXResourcesBuildPhase;
			buildActionMask = 2147483647;
			files = (
			);
			runOnlyForDeploymentPostprocessing = 0;
		};
		B8E4FC073C02C027505E17C372EC47C1 /* Resources */ = {
			isa = PBXResourcesBuildPhase;
			buildActionMask = 2147483647;
			files = (
				F064103AE9FF1F6722E5BAA61177C8FF /* Assets.xcassets in Resources */,
				528E99E6FF8DD4E052568395C92A574A /* LaunchScreen.storyboard in Resources */,
				FBFD9A7217243518F394E91232A1C99A /* Main.storyboard in Resources */,
				7F3FCC3D8EC94540292B5084AF3C370C /* Podfile in Resources */,
			);
			runOnlyForDeploymentPostprocessing = 0;
		};
/* End PBXResourcesBuildPhase section */

/* Begin PBXShellScriptBuildPhase section */
		32AE369EC65751A5227499F7BB8744DD /* [CP] Check Pods Manifest.lock */ = {
			isa = PBXShellScriptBuildPhase;
			buildActionMask = 2147483647;
			files = (
			);
			inputFileListPaths = (
			);
			inputPaths = (
				"${PODS_PODFILE_DIR_PATH}/Podfile.lock",
				"${PODS_ROOT}/Manifest.lock",
			);
			name = "[CP] Check Pods Manifest.lock";
			outputFileListPaths = (
			);
			outputPaths = (
				"$(DERIVED_FILE_DIR)/Pods-VVORM-checkManifestLockResult.txt",
			);
			runOnlyForDeploymentPostprocessing = 0;
			shellPath = /bin/sh;
			shellScript = "diff \"${PODS_PODFILE_DIR_PATH}/Podfile.lock\" \"${PODS_ROOT}/Manifest.lock\" > /dev/null\nif [ $? != 0 ] ; then\n    # print error to STDERR\n    echo \"error: The sandbox is not in sync with the Podfile.lock. Run 'pod install' or update your CocoaPods installation.\" >&2\n    exit 1\nfi\n# This output is used by Xcode 'outputs' to avoid re-running this script phase.\necho \"SUCCESS\" > \"${SCRIPT_OUTPUT_FILE_0}\"\n";
			showEnvVarsInLog = 0;
		};
/* End PBXShellScriptBuildPhase section */

/* Begin PBXSourcesBuildPhase section */
		3EA5F706EB9B781C36CCCFE60531C407 /* Sources */ = {
			isa = PBXSourcesBuildPhase;
			buildActionMask = 2147483647;
			files = (
				B295FC18C83206BC1D78D394C4425BF7 /* VVDBTests.m in Sources */,
			);
			runOnlyForDeploymentPostprocessing = 0;
		};
		965C597CEF1033C082D59D3BB087A5D0 /* Sources */ = {
			isa = PBXSourcesBuildPhase;
			buildActionMask = 2147483647;
			files = (
				84ACD60EBCA64DCD1D5A633C835F9E5C /* VVORMUITests.m in Sources */,
			);
			runOnlyForDeploymentPostprocessing = 0;
		};
		E94B081A8B4F30C42DA1E8F5EA254F03 /* Sources */ = {
			isa = PBXSourcesBuildPhase;
			buildActionMask = 2147483647;
			files = (
				1F18889AE80E50B00F98E2CF0A7D8BDE /* AppContent.m in Sources */,
				3E8CD03112F8D5ADF1A4CD8391C858C4 /* AppDelegate.m in Sources */,
				70041313835E6185C35CCEC97501D5EA /* Download.m in Sources */,
				58B37021C4F079AA59B5F841B44198BD /* FMDatabase+IndexInfo.m in Sources */,
				42BFEE6EA0A2FA2E51D4F9076F7273E8 /* NSObject+VVAutoCoding.m in Sources */,
				34958DC58BDCA2DADA265E77B212EEC9 /* NSObject+VVObserver.m in Sources */,
				6313D9EEC344B5CCB0E2759166C8F1F0 /* NSObject+VVTabel.m in Sources */,
				D4FC990D36F13FED3D974F52F27F8FB6 /* User.m in Sources */,
				BEE3BA1C738973518506664D11AA8A26 /* VVClassProperty.m in Sources */,
				476F97F8E530017BB6B1A1E95E17CA0F /* VVClazz.m in Sources */,
				4B4BE7C7B8D0BD4BD4E231DF4895C58C /* VVClazzBool.m in Sources */,
				86EAD7C2CFF88978D7B336225DAAB7FD /* VVClazzChar.m in Sources */,
				5717C3F96FB42A5FA41EF55A38692422 /* VVClazzDouble.m in Sources */,
				2503397848CA8E5D61996C1BC44C1642 /* VVClazzFloat.m in Sources */,
				D9DE682168E976CFAB4BF9CBF388EBC5 /* VVClazzID.m in Sources */,
				3B88CF2BD3B18DF7DBB9F8D235EEBC9F /* VVClazzInt.m in Sources */,
				C09326C64D582D2A11293EFBD489F42D /* VVClazzLong.m in Sources */,
				3DB15E38E19DF648CDF4CBD0C7F10371 /* VVClazzLongLong.m in Sources */,
				CD03E642C378FDAB01575FF1D306E702 /* VVClazzNSArray.m in Sources */,
				58A6914223808150B8DA2156D92557EE /* VVClazzNSData.m in Sources */,
				8E35DECDB620899A59145B9B7CE4E58C /* VVClazzNSDate.m in Sources */,
				A5188D4F42C62E7245D4754EDCF08FB7 /* VVClazzNSDecimalNumber.m in Sources */,
				4F68D853B391053C8F8DDE03B46156B1 /* VVClazzNSMutableString.m in Sources */,
				3DFFA35D493510A57342AEF110E6DB6A /* VVClazzNSNull.m in Sources */,
				D49F269B9B049CED38B116BC626979CC /* VVClazzNSNumber.m in Sources */,
				5DCD150FE633BD23F7459F89C9D23B83 /* VVClazzNSObject.m in Sources */,
				19E69C4CA10BC9AECD5417C8C485D99A /* VVClazzNSString.m in Sources */,
				80838AA06B51E6E33F123FC2A9D0E62E /* VVClazzNSURL.m in Sources */,
				3F14185DEB7FC4A4690D117647B8500A /* VVClazzNSValue.m in Sources */,
				161B159F4FE6D2C78311E47675E36D92 /* VVClazzSerialize.m in Sources */,
				85B4123B0BB06600135608206223D9BE /* VVClazzShort.m in Sources */,
				1F4B4E32DA2E3AFF8B9C182E2324FAFE /* VVClazzUnsignedChar.m in Sources */,
				A463CDF55161F257E0065458D5152514 /* VVClazzUnsignedInt.m in Sources */,
				3776A399E0FB01AB13BEED706EC58E9D /* VVClazzUnsignedLong.m in Sources */,
				7C02E13C01D415B1F30052CCB1E37DF8 /* VVClazzUnsignedLongLong.m in Sources */,
				5A7058A5765EBF6E7B0D219E42AC2869 /* VVClazzUnsignedShort.m in Sources */,
				709057EFB2823DC01B118D77096A36F1 /* VVConditionModel.m in Sources */,
				F82E94AB8A316B7B28EACE93A88BFC11 /* VVSqliteConst.m in Sources */,
				6C8C933C894503470C03B2F8D2BA8FC6 /* VVORM+Background.m in Sources */,
				D01E620A56587FE19FA75A293891AC00 /* VVORM.m in Sources */,
				33E948311833DD95CD67C588FA0BBF11 /* VVORMManager.m in Sources */,
				BF464AF3F9669C0E0B23D8A7A00B6503 /* VVMigration.m in Sources */,
				C32EE7333E87A732478778B87396E962 /* VVMigrationQueryBuilder.m in Sources */,
				99C83C176DE9D7644C9F3267C9E84D01 /* VVMigrationRuntime.m in Sources */,
				3B03CCFB928F4DA2E1DA6D5EBB51C2AD /* VVMigrationRuntimeProperty.m in Sources */,
				F01AB146650361C14B744484C9DDFE6C /* VVMigrationTable.m in Sources */,
				0C3F4F4B931EF0CAC43E068339EDA574 /* VVModelMapper.m in Sources */,
				5D58494A88F8729E88B77250494AD719 /* VVNameBuilder.m in Sources */,
				6C742A8FF92A97D985A1C1A5E24B560D /* VVNotificationCenter.m in Sources */,
				209F73D0ECFE6C064B5B8575717B43EE /* VVObserver.m in Sources */,
				D0C35F0C65C4F8A6B72CD5CC6F30D6CC /* VVProperty.m in Sources */,
				19965B25577AFB3703AB564C9133D1F5 /* VVPropertyEncoding.m in Sources */,
				59A2A71B738F47F1C0AC1CB8DB8A5D4B /* VVPropertyType.m in Sources */,
				1BC653BA033BC1B90F11F026DDD1D1CA /* VVQueryBuilder.m in Sources */,
				AB1A2B88F46BFE74609B977D465E9135 /* VVReferenceConditionModel.m in Sources */,
				8CDA0571237342E5A03DD77071A5C2BB /* VVReferenceMapper.m in Sources */,
				458343C864CBFB4DCFC451E6946D0710 /* VVReferenceModel.m in Sources */,
				1D274A312E0FC8BFA7666A3F71D98526 /* VVORMRelationship.m in Sources */,
				6965D56A5044CD6CEDA9CECCC0398FCB /* VVORMClass.m in Sources */,
				259DE4522BC59A9ED54A554E3F96D237 /* VVSQLiteColumnModel.m in Sources */,
				D0DAA6EB8BE41791E6C9BF4949005DDC /* VVSQLiteConditionModel.m in Sources */,
				CBBCBC8337F06EAE14A3B77134A4F505 /* ViewController.m in Sources */,
				8002546F6FC3BA3ED75E54204916B571 /* main.m in Sources */,
				C3AE663F2A09F66076F67E0B /* VVClazzNSMutableArray.m in Sources */,
				C3AE62EE54235ECFCA82F70C /* VVORMProperty.m in Sources */,
			);
			runOnlyForDeploymentPostprocessing = 0;
		};
/* End PBXSourcesBuildPhase section */

/* Begin PBXTargetDependency section */
		C76CC338FCB9133C08F2ED6E65CCF9FC /* PBXTargetDependency */ = {
			isa = PBXTargetDependency;
			target = 98DC8D40D2442EB491152386566B9EEB /* VVORM */;
			targetProxy = A1C5D897C260B14F0A7D5932280D0E71 /* PBXContainerItemProxy */;
		};
		F33B61FA571DA82E29869627D05E5E9D /* PBXTargetDependency */ = {
			isa = PBXTargetDependency;
			target = 98DC8D40D2442EB491152386566B9EEB /* VVORM */;
			targetProxy = 5CB77FAB02DD5EE9DF060E732CA21EA5 /* PBXContainerItemProxy */;
		};
/* End PBXTargetDependency section */

/* Begin PBXVariantGroup section */
		1E42C65E4C74123084718BBE0243B94F /* LaunchScreen.storyboard */ = {
			isa = PBXVariantGroup;
			children = (
				13689AD7C02AB601B61A9F47C1324D3D /* Base */,
			);
			name = LaunchScreen.storyboard;
			sourceTree = "<group>";
		};
		9EAEBFF67C5DD72130A02B6BE92368F6 /* Main.storyboard */ = {
			isa = PBXVariantGroup;
			children = (
				E3B3C11B25253B24F9EBB154EE2848FF /* Base */,
			);
			name = Main.storyboard;
			sourceTree = "<group>";
		};
/* End PBXVariantGroup section */

/* Begin XCBuildConfiguration section */
		22DB379A80DBFE8D364BC9E429635873 /* Release */ = {
			isa = XCBuildConfiguration;
			buildSettings = {
				CODE_SIGN_STYLE = Automatic;
				INFOPLIST_FILE = VVDBUITests/Info.plist;
				LD_RUNPATH_SEARCH_PATHS = (
					"$(inherited)",
					"@executable_path/Frameworks",
					"@loader_path/Frameworks",
				);
				PRODUCT_BUNDLE_IDENTIFIER = com.waqu.db.VVDBUITests;
				PRODUCT_NAME = "$(TARGET_NAME)";
				TARGETED_DEVICE_FAMILY = "1,2";
				TEST_TARGET_NAME = VVDB;
			};
			name = Release;
		};
		23EB8853401E3D6AD6A1E7622AF5483F /* Debug */ = {
			isa = XCBuildConfiguration;
			buildSettings = {
				CODE_SIGN_STYLE = Automatic;
				INFOPLIST_FILE = VVDBUITests/Info.plist;
				LD_RUNPATH_SEARCH_PATHS = (
					"$(inherited)",
					"@executable_path/Frameworks",
					"@loader_path/Frameworks",
				);
				PRODUCT_BUNDLE_IDENTIFIER = com.waqu.db.VVDBUITests;
				PRODUCT_NAME = "$(TARGET_NAME)";
				TARGETED_DEVICE_FAMILY = "1,2";
				TEST_TARGET_NAME = VVDB;
			};
			name = Debug;
		};
		532BB4EADD1DCF5681202B95BC114A26 /* Release */ = {
			isa = XCBuildConfiguration;
			buildSettings = {
				BUNDLE_LOADER = "$(TEST_HOST)";
				CODE_SIGN_STYLE = Automatic;
				INFOPLIST_FILE = VVDBTests/Info.plist;
				LD_RUNPATH_SEARCH_PATHS = (
					"$(inherited)",
					"@executable_path/Frameworks",
					"@loader_path/Frameworks",
				);
				PRODUCT_BUNDLE_IDENTIFIER = com.waqu.db.VVDBTests;
				PRODUCT_NAME = "$(TARGET_NAME)";
				TARGETED_DEVICE_FAMILY = "1,2";
				TEST_HOST = "$(BUILT_PRODUCTS_DIR)/VVORM.app/VVORM";
			};
			name = Release;
		};
		5388C2C0B9C53967A1D868188870D3CC /* Debug */ = {
			isa = XCBuildConfiguration;
			buildSettings = {
				BUNDLE_LOADER = "$(TEST_HOST)";
				CODE_SIGN_STYLE = Automatic;
				INFOPLIST_FILE = VVDBTests/Info.plist;
				LD_RUNPATH_SEARCH_PATHS = (
					"$(inherited)",
					"@executable_path/Frameworks",
					"@loader_path/Frameworks",
				);
				PRODUCT_BUNDLE_IDENTIFIER = com.waqu.db.VVDBTests;
				PRODUCT_NAME = "$(TARGET_NAME)";
				TARGETED_DEVICE_FAMILY = "1,2";
				TEST_HOST = "$(BUILT_PRODUCTS_DIR)/VVORM.app/VVORM";
			};
			name = Debug;
		};
		62451565214C5767139F73FDE6F23C1B /* Release */ = {
			isa = XCBuildConfiguration;
			baseConfigurationReference = ABBE686532C1706BF1DB01D7 /* Pods-VVORM.release.xcconfig */;
			buildSettings = {
				ASSETCATALOG_COMPILER_APPICON_NAME = AppIcon;
				CODE_SIGN_STYLE = Automatic;
				DEVELOPMENT_TEAM = D8RJFY6RH2;
				INFOPLIST_FILE = "$(SRCROOT)/VVORM/Info.plist";
				LD_RUNPATH_SEARCH_PATHS = (
					"$(inherited)",
					"@executable_path/Frameworks",
				);
				PRODUCT_BUNDLE_IDENTIFIER = com.waqu.db.VVDB;
				PRODUCT_NAME = "$(TARGET_NAME)";
				TARGETED_DEVICE_FAMILY = "1,2";
			};
			name = Release;
		};
		C0448C0763913E6AFE4EC1F3D190CC48 /* Debug */ = {
			isa = XCBuildConfiguration;
			baseConfigurationReference = AB66685A7E0B83CD9CFF7E6D /* Pods-VVORM.debug.xcconfig */;
			buildSettings = {
				ASSETCATALOG_COMPILER_APPICON_NAME = AppIcon;
				CODE_SIGN_STYLE = Automatic;
				DEVELOPMENT_TEAM = D8RJFY6RH2;
				INFOPLIST_FILE = "$(SRCROOT)/VVORM/Info.plist";
				LD_RUNPATH_SEARCH_PATHS = (
					"$(inherited)",
					"@executable_path/Frameworks",
				);
				PRODUCT_BUNDLE_IDENTIFIER = com.waqu.db.VVDB;
				PRODUCT_NAME = "$(TARGET_NAME)";
				TARGETED_DEVICE_FAMILY = "1,2";
			};
			name = Debug;
		};
		C0FDA73D621813CC14EA77364BD61943 /* Release */ = {
			isa = XCBuildConfiguration;
			buildSettings = {
				ALWAYS_SEARCH_USER_PATHS = NO;
				CLANG_ANALYZER_NONNULL = YES;
				CLANG_ANALYZER_NUMBER_OBJECT_CONVERSION = YES_AGGRESSIVE;
				CLANG_CXX_LANGUAGE_STANDARD = "gnu++14";
				CLANG_CXX_LIBRARY = "libc++";
				CLANG_ENABLE_MODULES = YES;
				CLANG_ENABLE_OBJC_ARC = YES;
				CLANG_ENABLE_OBJC_WEAK = YES;
				CLANG_WARN_BLOCK_CAPTURE_AUTORELEASING = YES;
				CLANG_WARN_BOOL_CONVERSION = YES;
				CLANG_WARN_COMMA = YES;
				CLANG_WARN_CONSTANT_CONVERSION = YES;
				CLANG_WARN_DEPRECATED_OBJC_IMPLEMENTATIONS = YES;
				CLANG_WARN_DIRECT_OBJC_ISA_USAGE = YES_ERROR;
				CLANG_WARN_DOCUMENTATION_COMMENTS = YES;
				CLANG_WARN_EMPTY_BODY = YES;
				CLANG_WARN_ENUM_CONVERSION = YES;
				CLANG_WARN_INFINITE_RECURSION = YES;
				CLANG_WARN_INT_CONVERSION = YES;
				CLANG_WARN_NON_LITERAL_NULL_CONVERSION = YES;
				CLANG_WARN_OBJC_IMPLICIT_RETAIN_SELF = YES;
				CLANG_WARN_OBJC_LITERAL_CONVERSION = YES;
				CLANG_WARN_OBJC_ROOT_CLASS = YES_ERROR;
				CLANG_WARN_RANGE_LOOP_ANALYSIS = YES;
				CLANG_WARN_STRICT_PROTOTYPES = YES;
				CLANG_WARN_SUSPICIOUS_MOVE = YES;
				CLANG_WARN_UNGUARDED_AVAILABILITY = YES_AGGRESSIVE;
				CLANG_WARN_UNREACHABLE_CODE = YES;
				CLANG_WARN__DUPLICATE_METHOD_MATCH = YES;
				CODE_SIGN_IDENTITY = "iPhone Developer";
				COPY_PHASE_STRIP = NO;
				DEBUG_INFORMATION_FORMAT = "dwarf-with-dsym";
				ENABLE_NS_ASSERTIONS = NO;
				ENABLE_STRICT_OBJC_MSGSEND = YES;
				GCC_C_LANGUAGE_STANDARD = gnu11;
				GCC_NO_COMMON_BLOCKS = YES;
				GCC_WARN_64_TO_32_BIT_CONVERSION = YES;
				GCC_WARN_ABOUT_RETURN_TYPE = YES_ERROR;
				GCC_WARN_UNDECLARED_SELECTOR = YES;
				GCC_WARN_UNINITIALIZED_AUTOS = YES_AGGRESSIVE;
				GCC_WARN_UNUSED_FUNCTION = YES;
				GCC_WARN_UNUSED_VARIABLE = YES;
				IPHONEOS_DEPLOYMENT_TARGET = 12.2;
				MTL_ENABLE_DEBUG_INFO = NO;
				MTL_FAST_MATH = YES;
				SDKROOT = iphoneos;
				VALIDATE_PRODUCT = YES;
			};
			name = Release;
		};
		D59095539F1426A239234F75F5A02C71 /* Debug */ = {
			isa = XCBuildConfiguration;
			buildSettings = {
				ALWAYS_SEARCH_USER_PATHS = NO;
				CLANG_ANALYZER_NONNULL = YES;
				CLANG_ANALYZER_NUMBER_OBJECT_CONVERSION = YES_AGGRESSIVE;
				CLANG_CXX_LANGUAGE_STANDARD = "gnu++14";
				CLANG_CXX_LIBRARY = "libc++";
				CLANG_ENABLE_MODULES = YES;
				CLANG_ENABLE_OBJC_ARC = YES;
				CLANG_ENABLE_OBJC_WEAK = YES;
				CLANG_WARN_BLOCK_CAPTURE_AUTORELEASING = YES;
				CLANG_WARN_BOOL_CONVERSION = YES;
				CLANG_WARN_COMMA = YES;
				CLANG_WARN_CONSTANT_CONVERSION = YES;
				CLANG_WARN_DEPRECATED_OBJC_IMPLEMENTATIONS = YES;
				CLANG_WARN_DIRECT_OBJC_ISA_USAGE = YES_ERROR;
				CLANG_WARN_DOCUMENTATION_COMMENTS = YES;
				CLANG_WARN_EMPTY_BODY = YES;
				CLANG_WARN_ENUM_CONVERSION = YES;
				CLANG_WARN_INFINITE_RECURSION = YES;
				CLANG_WARN_INT_CONVERSION = YES;
				CLANG_WARN_NON_LITERAL_NULL_CONVERSION = YES;
				CLANG_WARN_OBJC_IMPLICIT_RETAIN_SELF = YES;
				CLANG_WARN_OBJC_LITERAL_CONVERSION = YES;
				CLANG_WARN_OBJC_ROOT_CLASS = YES_ERROR;
				CLANG_WARN_RANGE_LOOP_ANALYSIS = YES;
				CLANG_WARN_STRICT_PROTOTYPES = YES;
				CLANG_WARN_SUSPICIOUS_MOVE = YES;
				CLANG_WARN_UNGUARDED_AVAILABILITY = YES_AGGRESSIVE;
				CLANG_WARN_UNREACHABLE_CODE = YES;
				CLANG_WARN__DUPLICATE_METHOD_MATCH = YES;
				CODE_SIGN_IDENTITY = "iPhone Developer";
				COPY_PHASE_STRIP = NO;
				DEBUG_INFORMATION_FORMAT = dwarf;
				ENABLE_STRICT_OBJC_MSGSEND = YES;
				ENABLE_TESTABILITY = YES;
				GCC_C_LANGUAGE_STANDARD = gnu11;
				GCC_DYNAMIC_NO_PIC = NO;
				GCC_NO_COMMON_BLOCKS = YES;
				GCC_OPTIMIZATION_LEVEL = 0;
				GCC_PREPROCESSOR_DEFINITIONS = (
					"DEBUG=1",
					"$(inherited)",
				);
				GCC_WARN_64_TO_32_BIT_CONVERSION = YES;
				GCC_WARN_ABOUT_RETURN_TYPE = YES_ERROR;
				GCC_WARN_UNDECLARED_SELECTOR = YES;
				GCC_WARN_UNINITIALIZED_AUTOS = YES_AGGRESSIVE;
				GCC_WARN_UNUSED_FUNCTION = YES;
				GCC_WARN_UNUSED_VARIABLE = YES;
				IPHONEOS_DEPLOYMENT_TARGET = 12.2;
				MTL_ENABLE_DEBUG_INFO = INCLUDE_SOURCE;
				MTL_FAST_MATH = YES;
				ONLY_ACTIVE_ARCH = YES;
				SDKROOT = iphoneos;
			};
			name = Debug;
		};
/* End XCBuildConfiguration section */

/* Begin XCConfigurationList section */
		147F54EDAB35A9D0DE4F94EF0DAED0A3 /* Build configuration list for PBXProject "VVORM" */ = {
			isa = XCConfigurationList;
			buildConfigurations = (
				D59095539F1426A239234F75F5A02C71 /* Debug */,
				C0FDA73D621813CC14EA77364BD61943 /* Release */,
			);
			defaultConfigurationIsVisible = 0;
			defaultConfigurationName = Release;
		};
		6A44FEC1113AC3B68EA05EED67B00855 /* Build configuration list for PBXNativeTarget "VVORMUITests" */ = {
			isa = XCConfigurationList;
			buildConfigurations = (
				23EB8853401E3D6AD6A1E7622AF5483F /* Debug */,
				22DB379A80DBFE8D364BC9E429635873 /* Release */,
			);
			defaultConfigurationIsVisible = 0;
			defaultConfigurationName = Release;
		};
		73E678FB564B343F243003301C01697C /* Build configuration list for PBXNativeTarget "VVORM" */ = {
			isa = XCConfigurationList;
			buildConfigurations = (
				C0448C0763913E6AFE4EC1F3D190CC48 /* Debug */,
				62451565214C5767139F73FDE6F23C1B /* Release */,
			);
			defaultConfigurationIsVisible = 0;
			defaultConfigurationName = Release;
		};
		C8150DC55A31847AFCFE91566CD8646D /* Build configuration list for PBXNativeTarget "VVORMTests" */ = {
			isa = XCConfigurationList;
			buildConfigurations = (
				5388C2C0B9C53967A1D868188870D3CC /* Debug */,
				532BB4EADD1DCF5681202B95BC114A26 /* Release */,
			);
			defaultConfigurationIsVisible = 0;
			defaultConfigurationName = Release;
		};
/* End XCConfigurationList section */
	};
	rootObject = 11DB34C583BC2AF8463707E8426669DD /* Project object */;
}
